// !$*UTF8*$!
{
	archiveVersion = 1;
	classes = {
	};
	objectVersion = 46;
	objects = {

/* Begin PBXBuildFile section */
		0306DBB515EC830A00D6409B /* MASShortcut+UserDefaults.m in Sources */ = {isa = PBXBuildFile; fileRef = 0306DBAC15EC830A00D6409B /* MASShortcut+UserDefaults.m */; };
		0306DBB615EC830A00D6409B /* MASShortcut.m in Sources */ = {isa = PBXBuildFile; fileRef = 0306DBAE15EC830A00D6409B /* MASShortcut.m */; };
		0306DBB715EC830A00D6409B /* MASShortcutView+UserDefaults.m in Sources */ = {isa = PBXBuildFile; fileRef = 0306DBB015EC830A00D6409B /* MASShortcutView+UserDefaults.m */; };
		0306DBB815EC830A00D6409B /* MASShortcutView.m in Sources */ = {isa = PBXBuildFile; fileRef = 0306DBB215EC830A00D6409B /* MASShortcutView.m */; };
		0306DBBE15EC87F400D6409B /* CDMQuickAddWindowController.m in Sources */ = {isa = PBXBuildFile; fileRef = 0306DBBD15EC87F400D6409B /* CDMQuickAddWindowController.m */; };
		031E242C15DB690F00EEA810 /* CDMTextField.m in Sources */ = {isa = PBXBuildFile; fileRef = 031E242B15DB690F00EEA810 /* CDMTextField.m */; };
		032D16CF15DC3CE80015912A /* CDMTagFilterBar.m in Sources */ = {isa = PBXBuildFile; fileRef = 032D16CE15DC3CE80015912A /* CDMTagFilterBar.m */; };
		032D16D215DC4D170015912A /* NSURL+SSToolkitAdditions.m in Sources */ = {isa = PBXBuildFile; fileRef = 032D16D115DC4D160015912A /* NSURL+SSToolkitAdditions.m */; };
		032D16D515DC4D6E0015912A /* NSDictionary+SSToolkitAdditions.m in Sources */ = {isa = PBXBuildFile; fileRef = 032D16D415DC4D6D0015912A /* NSDictionary+SSToolkitAdditions.m */; };
		032D16D815DC4E220015912A /* NSString+SSToolkitAdditions.m in Sources */ = {isa = PBXBuildFile; fileRef = 032D16D715DC4E220015912A /* NSString+SSToolkitAdditions.m */; };
		032D16DB15DC50DA0015912A /* CDMTagTextFieldCell.m in Sources */ = {isa = PBXBuildFile; fileRef = 032D16DA15DC50DA0015912A /* CDMTagTextFieldCell.m */; };
		032D16DE15DC52270015912A /* CDMColorView.m in Sources */ = {isa = PBXBuildFile; fileRef = 032D16DD15DC52260015912A /* CDMColorView.m */; };
		0338827F15D9611F001FC04B /* Fonts in Resources */ = {isa = PBXBuildFile; fileRef = 0338827E15D9611F001FC04B /* Fonts */; };
		0338828315D96201001FC04B /* CDMArchesWindow.m in Sources */ = {isa = PBXBuildFile; fileRef = 0338828215D96201001FC04B /* CDMArchesWindow.m */; };
		033882C615D968A6001FC04B /* sign-in-logo.png in Resources */ = {isa = PBXBuildFile; fileRef = 033882AA15D968A6001FC04B /* sign-in-logo.png */; };
		033882C715D968A6001FC04B /* sign-in-logo@2x.png in Resources */ = {isa = PBXBuildFile; fileRef = 033882AB15D968A6001FC04B /* sign-in-logo@2x.png */; };
		033882C815D968A6001FC04B /* traffic-close-graphite-pressed.png in Resources */ = {isa = PBXBuildFile; fileRef = 033882AC15D968A6001FC04B /* traffic-close-graphite-pressed.png */; };
		033882C915D968A6001FC04B /* traffic-close-graphite-pressed@2x.png in Resources */ = {isa = PBXBuildFile; fileRef = 033882AD15D968A6001FC04B /* traffic-close-graphite-pressed@2x.png */; };
		033882CA15D968A6001FC04B /* traffic-close-graphite.png in Resources */ = {isa = PBXBuildFile; fileRef = 033882AE15D968A6001FC04B /* traffic-close-graphite.png */; };
		033882CB15D968A6001FC04B /* traffic-close-graphite@2x.png in Resources */ = {isa = PBXBuildFile; fileRef = 033882AF15D968A6001FC04B /* traffic-close-graphite@2x.png */; };
		033882CC15D968A6001FC04B /* traffic-close-pressed.png in Resources */ = {isa = PBXBuildFile; fileRef = 033882B015D968A6001FC04B /* traffic-close-pressed.png */; };
		033882CD15D968A6001FC04B /* traffic-close-pressed@2x.png in Resources */ = {isa = PBXBuildFile; fileRef = 033882B115D968A6001FC04B /* traffic-close-pressed@2x.png */; };
		033882CE15D968A6001FC04B /* traffic-close.png in Resources */ = {isa = PBXBuildFile; fileRef = 033882B215D968A6001FC04B /* traffic-close.png */; };
		033882CF15D968A6001FC04B /* traffic-close@2x.png in Resources */ = {isa = PBXBuildFile; fileRef = 033882B315D968A6001FC04B /* traffic-close@2x.png */; };
		033882D015D968A6001FC04B /* traffic-graphite-minimize@2x.png in Resources */ = {isa = PBXBuildFile; fileRef = 033882B415D968A6001FC04B /* traffic-graphite-minimize@2x.png */; };
		033882D115D968A6001FC04B /* traffic-minimize-graphite-pressed.png in Resources */ = {isa = PBXBuildFile; fileRef = 033882B515D968A6001FC04B /* traffic-minimize-graphite-pressed.png */; };
		033882D215D968A6001FC04B /* traffic-minimize-graphite-pressed@2x.png in Resources */ = {isa = PBXBuildFile; fileRef = 033882B615D968A6001FC04B /* traffic-minimize-graphite-pressed@2x.png */; };
		033882D315D968A6001FC04B /* traffic-minimize-graphite.png in Resources */ = {isa = PBXBuildFile; fileRef = 033882B715D968A6001FC04B /* traffic-minimize-graphite.png */; };
		033882D415D968A6001FC04B /* traffic-minimize-pressed.png in Resources */ = {isa = PBXBuildFile; fileRef = 033882B815D968A6001FC04B /* traffic-minimize-pressed.png */; };
		033882D515D968A6001FC04B /* traffic-minimize-pressed@2x.png in Resources */ = {isa = PBXBuildFile; fileRef = 033882B915D968A6001FC04B /* traffic-minimize-pressed@2x.png */; };
		033882D615D968A6001FC04B /* traffic-minimize.png in Resources */ = {isa = PBXBuildFile; fileRef = 033882BA15D968A6001FC04B /* traffic-minimize.png */; };
		033882D715D968A6001FC04B /* traffic-minimize@2x.png in Resources */ = {isa = PBXBuildFile; fileRef = 033882BB15D968A6001FC04B /* traffic-minimize@2x.png */; };
		033882D815D968A6001FC04B /* traffic-normal.png in Resources */ = {isa = PBXBuildFile; fileRef = 033882BC15D968A6001FC04B /* traffic-normal.png */; };
		033882D915D968A6001FC04B /* traffic-normal@2x.png in Resources */ = {isa = PBXBuildFile; fileRef = 033882BD15D968A6001FC04B /* traffic-normal@2x.png */; };
		033882DA15D968A6001FC04B /* traffic-zoom-graphite-pressed.png in Resources */ = {isa = PBXBuildFile; fileRef = 033882BE15D968A6001FC04B /* traffic-zoom-graphite-pressed.png */; };
		033882DB15D968A6001FC04B /* traffic-zoom-graphite-pressed@2x.png in Resources */ = {isa = PBXBuildFile; fileRef = 033882BF15D968A6001FC04B /* traffic-zoom-graphite-pressed@2x.png */; };
		033882DC15D968A6001FC04B /* traffic-zoom-graphite.png in Resources */ = {isa = PBXBuildFile; fileRef = 033882C015D968A6001FC04B /* traffic-zoom-graphite.png */; };
		033882DD15D968A6001FC04B /* traffic-zoom-graphite@2x.png in Resources */ = {isa = PBXBuildFile; fileRef = 033882C115D968A6001FC04B /* traffic-zoom-graphite@2x.png */; };
		033882DE15D968A6001FC04B /* traffic-zoom-pressed.png in Resources */ = {isa = PBXBuildFile; fileRef = 033882C215D968A6001FC04B /* traffic-zoom-pressed.png */; };
		033882DF15D968A6001FC04B /* traffic-zoom-pressed@2x.png in Resources */ = {isa = PBXBuildFile; fileRef = 033882C315D968A6001FC04B /* traffic-zoom-pressed@2x.png */; };
		033882E015D968A6001FC04B /* traffic-zoom.png in Resources */ = {isa = PBXBuildFile; fileRef = 033882C415D968A6001FC04B /* traffic-zoom.png */; };
		033882E115D968A6001FC04B /* traffic-zoom@2x.png in Resources */ = {isa = PBXBuildFile; fileRef = 033882C515D968A6001FC04B /* traffic-zoom@2x.png */; };
		0338830015D97CA9001FC04B /* CDMTextFieldCell.m in Sources */ = {isa = PBXBuildFile; fileRef = 033882FF15D97CA9001FC04B /* CDMTextFieldCell.m */; };
		0338830215D97D57001FC04B /* Carbon.framework in Frameworks */ = {isa = PBXBuildFile; fileRef = 0338830115D97D57001FC04B /* Carbon.framework */; };
		0338833115D98BF5001FC04B /* NSBezierPath+MCAdditions.m in Sources */ = {isa = PBXBuildFile; fileRef = 0338833015D98BF5001FC04B /* NSBezierPath+MCAdditions.m */; settings = {COMPILER_FLAGS = "-fno-objc-arc"; }; };
		0338833715D992EA001FC04B /* CDMSecureTextFieldCell.m in Sources */ = {isa = PBXBuildFile; fileRef = 0338833615D992EA001FC04B /* CDMSecureTextFieldCell.m */; };
		0338833A15D99438001FC04B /* CDMSecureTextField.m in Sources */ = {isa = PBXBuildFile; fileRef = 0338833915D99438001FC04B /* CDMSecureTextField.m */; };
		0338839815D99F9B001FC04B /* CDMFlatButton.m in Sources */ = {isa = PBXBuildFile; fileRef = 0338839715D99F9B001FC04B /* CDMFlatButton.m */; };
		0338839B15D99FA1001FC04B /* CDMFlatButtonCell.m in Sources */ = {isa = PBXBuildFile; fileRef = 0338839A15D99FA1001FC04B /* CDMFlatButtonCell.m */; };
		033883A115D9A7F6001FC04B /* CDMTextButtonCell.m in Sources */ = {isa = PBXBuildFile; fileRef = 033883A015D9A7F6001FC04B /* CDMTextButtonCell.m */; };
		033883A815D9AAF8001FC04B /* QuartzCore.framework in Frameworks */ = {isa = PBXBuildFile; fileRef = 033883A715D9AAF7001FC04B /* QuartzCore.framework */; };
		0338840815D9D53C001FC04B /* CDMListsViewController.m in Sources */ = {isa = PBXBuildFile; fileRef = 0338840715D9D53B001FC04B /* CDMListsViewController.m */; };
		0338840B15D9D66F001FC04B /* CDMTasksViewController.m in Sources */ = {isa = PBXBuildFile; fileRef = 0338840A15D9D66F001FC04B /* CDMTasksViewController.m */; };
		03457A8315EC8AE300645547 /* QuickAdd.xib in Resources */ = {isa = PBXBuildFile; fileRef = 03457A8215EC8AE300645547 /* QuickAdd.xib */; };
		0371CF8815ED60A400B304CC /* CDMTasksTableView.m in Sources */ = {isa = PBXBuildFile; fileRef = 0371CF8715ED60A400B304CC /* CDMTasksTableView.m */; };
		037252E115D9FCF700E87D87 /* CDKTask+CDMAdditions.m in Sources */ = {isa = PBXBuildFile; fileRef = 037252E015D9FCF700E87D87 /* CDKTask+CDMAdditions.m */; };
		037253A815DA1C4000E87D87 /* CDMShadowTableView.m in Sources */ = {isa = PBXBuildFile; fileRef = 037253A715DA1C4000E87D87 /* CDMShadowTableView.m */; };
		038DBD0515F1463100736345 /* LoadingLists.xib in Resources */ = {isa = PBXBuildFile; fileRef = 038DBD0415F1463100736345 /* LoadingLists.xib */; };
		038DBD0715F1463800736345 /* LoadingTasks.xib in Resources */ = {isa = PBXBuildFile; fileRef = 038DBD0615F1463800736345 /* LoadingTasks.xib */; };
		038FF74915DDA596004B7316 /* CDMTrafficLightsView.m in Sources */ = {isa = PBXBuildFile; fileRef = 038FF74815DDA596004B7316 /* CDMTrafficLightsView.m */; };
		0391100415F08AC300A3EA7B /* NoTasks.xib in Resources */ = {isa = PBXBuildFile; fileRef = 0391100315F08AC300A3EA7B /* NoTasks.xib */; };
		0391100615F08CA300A3EA7B /* NoLists.xib in Resources */ = {isa = PBXBuildFile; fileRef = 0391100515F08CA300A3EA7B /* NoLists.xib */; };
		03B3951C15DAB73000A8A7D4 /* Localizable.strings in Resources */ = {isa = PBXBuildFile; fileRef = 03B3951B15DAB73000A8A7D4 /* Localizable.strings */; };
		03B3952815DAC66E00A8A7D4 /* CDMTaskTextField.m in Sources */ = {isa = PBXBuildFile; fileRef = 03B3952715DAC66E00A8A7D4 /* CDMTaskTextField.m */; };
		03B3952E15DAC97900A8A7D4 /* CDMBoolToTaskTextColorValueTransformer.m in Sources */ = {isa = PBXBuildFile; fileRef = 03B3952D15DAC97000A8A7D4 /* CDMBoolToTaskTextColorValueTransformer.m */; };
		03CB266315DA1FAC00FEDF25 /* CDMAddListView.m in Sources */ = {isa = PBXBuildFile; fileRef = 03CB266215DA1FAC00FEDF25 /* CDMAddListView.m */; };
		03CB269015DA248E00FEDF25 /* CDMAddListTextFieldCell.m in Sources */ = {isa = PBXBuildFile; fileRef = 03CB268F15DA248E00FEDF25 /* CDMAddListTextFieldCell.m */; };
		03F2D98F15DB027400EEC543 /* CDMTaskTextFieldCell.m in Sources */ = {isa = PBXBuildFile; fileRef = 03F2D98E15DB027400EEC543 /* CDMTaskTextFieldCell.m */; };
		03F7954015E41FA600C9F652 /* tag-x-unfocused.png in Resources */ = {isa = PBXBuildFile; fileRef = 03F7953D15E41FA600C9F652 /* tag-x-unfocused.png */; };
		03F7954115E41FA600C9F652 /* tag-x-unfocused@2x.png in Resources */ = {isa = PBXBuildFile; fileRef = 03F7953E15E41FA600C9F652 /* tag-x-unfocused@2x.png */; };
		03F7954215E41FA600C9F652 /* About.xib in Resources */ = {isa = PBXBuildFile; fileRef = 03F7953F15E41FA600C9F652 /* About.xib */; };
		2137B07C167303160092A7DF /* CDMArchesWindowContentView.m in Sources */ = {isa = PBXBuildFile; fileRef = 2137B07B167303160092A7DF /* CDMArchesWindowContentView.m */; };
		21CF8688166908860052625D /* SystemConfiguration.framework in Frameworks */ = {isa = PBXBuildFile; fileRef = 21CF85B01668FBF30052625D /* SystemConfiguration.framework */; };
		21CF868A166908890052625D /* Security.framework in Frameworks */ = {isa = PBXBuildFile; fileRef = 21CF8689166908890052625D /* Security.framework */; };
		B21FF2C515BF7D6500AEEA97 /* Cocoa.framework in Frameworks */ = {isa = PBXBuildFile; fileRef = B21FF2C415BF7D6500AEEA97 /* Cocoa.framework */; };
		B21FF57115BF7D7C00AEEA97 /* CDMDefines.m in Sources */ = {isa = PBXBuildFile; fileRef = B21FF2EE15BF7D7B00AEEA97 /* CDMDefines.m */; };
		B21FF57215BF7D7C00AEEA97 /* main.m in Sources */ = {isa = PBXBuildFile; fileRef = B21FF2F015BF7D7B00AEEA97 /* main.m */; };
		B21FF57A15BF7D7C00AEEA97 /* Cheddar.icns in Resources */ = {isa = PBXBuildFile; fileRef = B21FF2FB15BF7D7B00AEEA97 /* Cheddar.icns */; };
		B21FF57B15BF7D7C00AEEA97 /* MainWindow.xib in Resources */ = {isa = PBXBuildFile; fileRef = B21FF2FD15BF7D7B00AEEA97 /* MainWindow.xib */; };
		B21FF57C15BF7D7C00AEEA97 /* MainMenu.xib in Resources */ = {isa = PBXBuildFile; fileRef = B21FF2FE15BF7D7B00AEEA97 /* MainMenu.xib */; };
		B21FF57D15BF7D7C00AEEA97 /* SignIn.xib in Resources */ = {isa = PBXBuildFile; fileRef = B21FF2FF15BF7D7B00AEEA97 /* SignIn.xib */; };
		B21FF70315BF7D7C00AEEA97 /* Cheddar.xcdatamodeld in Sources */ = {isa = PBXBuildFile; fileRef = B21FF52515BF7D7C00AEEA97 /* Cheddar.xcdatamodeld */; };
		B21FF70715BF7D7C00AEEA97 /* INAppStoreWindow.m in Sources */ = {isa = PBXBuildFile; fileRef = B21FF52D15BF7D7C00AEEA97 /* INAppStoreWindow.m */; };
		B24970CB15CBC836008388E5 /* NSImage+CDMAdditions.m in Sources */ = {isa = PBXBuildFile; fileRef = B24970CA15CBC836008388E5 /* NSImage+CDMAdditions.m */; };
		B249724F15CC0058008388E5 /* title.png in Resources */ = {isa = PBXBuildFile; fileRef = B249724D15CC0058008388E5 /* title.png */; };
		B249725015CC0058008388E5 /* title@2x.png in Resources */ = {isa = PBXBuildFile; fileRef = B249724E15CC0058008388E5 /* title@2x.png */; };
		B249725315CC00D9008388E5 /* CDMTaskTableRowView.m in Sources */ = {isa = PBXBuildFile; fileRef = B249725215CC00D9008388E5 /* CDMTaskTableRowView.m */; };
		B249725615CC02C1008388E5 /* CDMTaskTableCellView.m in Sources */ = {isa = PBXBuildFile; fileRef = B249725515CC02C0008388E5 /* CDMTaskTableCellView.m */; };
		B25B9C5E15CF2784005FA4A2 /* CDMMainWindow.m in Sources */ = {isa = PBXBuildFile; fileRef = B25B9C5D15CF2784005FA4A2 /* CDMMainWindow.m */; };
		B25E136815CB98AD009751B9 /* CDMListTableRowView.m in Sources */ = {isa = PBXBuildFile; fileRef = B25E136715CB98AD009751B9 /* CDMListTableRowView.m */; };
		B25E13AD15CBB19B009751B9 /* CDMListTableCellView.m in Sources */ = {isa = PBXBuildFile; fileRef = B25E13AC15CBB19B009751B9 /* CDMListTableCellView.m */; };
		B25E13B815CBC2AF009751B9 /* CDMAddTaskView.m in Sources */ = {isa = PBXBuildFile; fileRef = B25E13B715CBC2AF009751B9 /* CDMAddTaskView.m */; };
		B27CBA1415D9EBCE00BC851F /* CDMConstants.m in Sources */ = {isa = PBXBuildFile; fileRef = B27CBA1315D9EBCE00BC851F /* CDMConstants.m */; };
		B27CBB4E15DA233C00BC851F /* x.png in Resources */ = {isa = PBXBuildFile; fileRef = B27CBB4C15DA233C00BC851F /* x.png */; };
		B27CBB4F15DA233C00BC851F /* x@2x.png in Resources */ = {isa = PBXBuildFile; fileRef = B27CBB4D15DA233C00BC851F /* x@2x.png */; };
		B27D6AF515DC7E6E0090D88E /* tag.png in Resources */ = {isa = PBXBuildFile; fileRef = B27D6AF415DC7E6E0090D88E /* tag.png */; };
		B27D6AF715DC83DE0090D88E /* tag@2x.png in Resources */ = {isa = PBXBuildFile; fileRef = B27D6AF615DC83DE0090D88E /* tag@2x.png */; };
		B27D6AFA15DC84800090D88E /* tag-x.png in Resources */ = {isa = PBXBuildFile; fileRef = B27D6AF815DC84800090D88E /* tag-x.png */; };
		B27D6AFB15DC84800090D88E /* tag-x@2x.png in Resources */ = {isa = PBXBuildFile; fileRef = B27D6AF915DC84800090D88E /* tag-x@2x.png */; };
		B2A23D1515D988AB00EA9D2D /* NSColor+CDMAdditions.m in Sources */ = {isa = PBXBuildFile; fileRef = B2A23D1415D988AB00EA9D2D /* NSColor+CDMAdditions.m */; };
		B2A23D7915D997D900EA9D2D /* CDMAboutWindowController.m in Sources */ = {isa = PBXBuildFile; fileRef = B2A23D7815D997D900EA9D2D /* CDMAboutWindowController.m */; };
		B2A23D7C15D997E300EA9D2D /* CDMPreferencesWindowController.m in Sources */ = {isa = PBXBuildFile; fileRef = B2A23D7B15D997E300EA9D2D /* CDMPreferencesWindowController.m */; };
		B2A23DA415D9997700EA9D2D /* About.xib in Resources */ = {isa = PBXBuildFile; fileRef = B2A23DA315D9997700EA9D2D /* About.xib */; };
		B2A23DA615D9997E00EA9D2D /* Preferences.xib in Resources */ = {isa = PBXBuildFile; fileRef = B2A23DA515D9997E00EA9D2D /* Preferences.xib */; };
		B2B2E12415D9A67C008672DA /* DBPrefsWindowController.m in Sources */ = {isa = PBXBuildFile; fileRef = B2B2E11115D9A67C008672DA /* DBPrefsWindowController.m */; };
		B2B2E15D15D9B158008672DA /* CDMPreferencesRowView.m in Sources */ = {isa = PBXBuildFile; fileRef = B2B2E15C15D9B158008672DA /* CDMPreferencesRowView.m */; };
		B2C1EBB615BF838200B65583 /* CDMAppDelegate.m in Sources */ = {isa = PBXBuildFile; fileRef = B2C1EBB115BF838200B65583 /* CDMAppDelegate.m */; };
		B2C1EBB715BF838200B65583 /* CDMMainWindowController.m in Sources */ = {isa = PBXBuildFile; fileRef = B2C1EBB315BF838200B65583 /* CDMMainWindowController.m */; };
		B2C1EBB815BF838200B65583 /* CDMSignInWindowController.m in Sources */ = {isa = PBXBuildFile; fileRef = B2C1EBB515BF838200B65583 /* CDMSignInWindowController.m */; };
		B2D2A4D915CC96140029D315 /* arches.png in Resources */ = {isa = PBXBuildFile; fileRef = B2D2A4D715CC96140029D315 /* arches.png */; };
		B2D2A4DA15CC96140029D315 /* arches@2x.png in Resources */ = {isa = PBXBuildFile; fileRef = B2D2A4D815CC96140029D315 /* arches@2x.png */; };
		B2D8D5F315BF7FAE00A61836 /* libCheddarKitMac.a in Frameworks */ = {isa = PBXBuildFile; fileRef = B2D8D5F015BF7F9100A61836 /* libCheddarKitMac.a */; };
		B2D8D5F515BF7FBD00A61836 /* libCheddarKitMac.a in CopyFiles */ = {isa = PBXBuildFile; fileRef = B2D8D5F015BF7F9100A61836 /* libCheddarKitMac.a */; };
		B2DCE53415DB12CE00468BF5 /* move-arrow.png in Resources */ = {isa = PBXBuildFile; fileRef = B2DCE53215DB12CE00468BF5 /* move-arrow.png */; };
		B2DCE53515DB12CE00468BF5 /* move-arrow@2x.png in Resources */ = {isa = PBXBuildFile; fileRef = B2DCE53315DB12CE00468BF5 /* move-arrow@2x.png */; };
/* End PBXBuildFile section */

/* Begin PBXContainerItemProxy section */
		B21FF72015BF7D7D00AEEA97 /* PBXContainerItemProxy */ = {
			isa = PBXContainerItemProxy;
			containerPortal = B21FF52115BF7D7C00AEEA97 /* CheddarKit.xcodeproj */;
			proxyType = 2;
			remoteGlobalIDString = B244408515BE53DC00D4D4CA;
			remoteInfo = CheddarKit;
		};
		B2D8D5EF15BF7F9100A61836 /* PBXContainerItemProxy */ = {
			isa = PBXContainerItemProxy;
			containerPortal = B21FF52115BF7D7C00AEEA97 /* CheddarKit.xcodeproj */;
			proxyType = 2;
			remoteGlobalIDString = B2D8D59015BF7EE600A61836;
			remoteInfo = CheddarKitMac;
		};
		B2D8D5F115BF7FAA00A61836 /* PBXContainerItemProxy */ = {
			isa = PBXContainerItemProxy;
			containerPortal = B21FF52115BF7D7C00AEEA97 /* CheddarKit.xcodeproj */;
			proxyType = 1;
			remoteGlobalIDString = 21CF86131669035E0052625D;
			remoteInfo = CheddarKitMac;
		};
/* End PBXContainerItemProxy section */

/* Begin PBXCopyFilesBuildPhase section */
		B2D8D5F415BF7FB300A61836 /* CopyFiles */ = {
			isa = PBXCopyFilesBuildPhase;
			buildActionMask = 2147483647;
			dstPath = "";
			dstSubfolderSpec = 10;
			files = (
				B2D8D5F515BF7FBD00A61836 /* libCheddarKitMac.a in CopyFiles */,
			);
			runOnlyForDeploymentPostprocessing = 0;
		};
/* End PBXCopyFilesBuildPhase section */

/* Begin PBXFileReference section */
		0306DBAB15EC830A00D6409B /* MASShortcut+UserDefaults.h */ = {isa = PBXFileReference; fileEncoding = 4; lastKnownFileType = sourcecode.c.h; path = "MASShortcut+UserDefaults.h"; sourceTree = "<group>"; };
		0306DBAC15EC830A00D6409B /* MASShortcut+UserDefaults.m */ = {isa = PBXFileReference; fileEncoding = 4; lastKnownFileType = sourcecode.c.objc; path = "MASShortcut+UserDefaults.m"; sourceTree = "<group>"; };
		0306DBAD15EC830A00D6409B /* MASShortcut.h */ = {isa = PBXFileReference; fileEncoding = 4; lastKnownFileType = sourcecode.c.h; path = MASShortcut.h; sourceTree = "<group>"; };
		0306DBAE15EC830A00D6409B /* MASShortcut.m */ = {isa = PBXFileReference; fileEncoding = 4; lastKnownFileType = sourcecode.c.objc; path = MASShortcut.m; sourceTree = "<group>"; };
		0306DBAF15EC830A00D6409B /* MASShortcutView+UserDefaults.h */ = {isa = PBXFileReference; fileEncoding = 4; lastKnownFileType = sourcecode.c.h; path = "MASShortcutView+UserDefaults.h"; sourceTree = "<group>"; };
		0306DBB015EC830A00D6409B /* MASShortcutView+UserDefaults.m */ = {isa = PBXFileReference; fileEncoding = 4; lastKnownFileType = sourcecode.c.objc; path = "MASShortcutView+UserDefaults.m"; sourceTree = "<group>"; };
		0306DBB115EC830A00D6409B /* MASShortcutView.h */ = {isa = PBXFileReference; fileEncoding = 4; lastKnownFileType = sourcecode.c.h; path = MASShortcutView.h; sourceTree = "<group>"; };
		0306DBB215EC830A00D6409B /* MASShortcutView.m */ = {isa = PBXFileReference; fileEncoding = 4; lastKnownFileType = sourcecode.c.objc; path = MASShortcutView.m; sourceTree = "<group>"; };
		0306DBBC15EC87F400D6409B /* CDMQuickAddWindowController.h */ = {isa = PBXFileReference; fileEncoding = 4; lastKnownFileType = sourcecode.c.h; path = CDMQuickAddWindowController.h; sourceTree = "<group>"; };
		0306DBBD15EC87F400D6409B /* CDMQuickAddWindowController.m */ = {isa = PBXFileReference; fileEncoding = 4; lastKnownFileType = sourcecode.c.objc; path = CDMQuickAddWindowController.m; sourceTree = "<group>"; };
		031E242A15DB690F00EEA810 /* CDMTextField.h */ = {isa = PBXFileReference; fileEncoding = 4; lastKnownFileType = sourcecode.c.h; path = CDMTextField.h; sourceTree = "<group>"; };
		031E242B15DB690F00EEA810 /* CDMTextField.m */ = {isa = PBXFileReference; fileEncoding = 4; lastKnownFileType = sourcecode.c.objc; path = CDMTextField.m; sourceTree = "<group>"; };
		032D16CD15DC3CE80015912A /* CDMTagFilterBar.h */ = {isa = PBXFileReference; fileEncoding = 4; lastKnownFileType = sourcecode.c.h; path = CDMTagFilterBar.h; sourceTree = "<group>"; };
		032D16CE15DC3CE80015912A /* CDMTagFilterBar.m */ = {isa = PBXFileReference; fileEncoding = 4; lastKnownFileType = sourcecode.c.objc; path = CDMTagFilterBar.m; sourceTree = "<group>"; };
		032D16D015DC4D160015912A /* NSURL+SSToolkitAdditions.h */ = {isa = PBXFileReference; fileEncoding = 4; lastKnownFileType = sourcecode.c.h; path = "NSURL+SSToolkitAdditions.h"; sourceTree = "<group>"; };
		032D16D115DC4D160015912A /* NSURL+SSToolkitAdditions.m */ = {isa = PBXFileReference; fileEncoding = 4; lastKnownFileType = sourcecode.c.objc; path = "NSURL+SSToolkitAdditions.m"; sourceTree = "<group>"; };
		032D16D315DC4D6D0015912A /* NSDictionary+SSToolkitAdditions.h */ = {isa = PBXFileReference; fileEncoding = 4; lastKnownFileType = sourcecode.c.h; path = "NSDictionary+SSToolkitAdditions.h"; sourceTree = "<group>"; };
		032D16D415DC4D6D0015912A /* NSDictionary+SSToolkitAdditions.m */ = {isa = PBXFileReference; fileEncoding = 4; lastKnownFileType = sourcecode.c.objc; path = "NSDictionary+SSToolkitAdditions.m"; sourceTree = "<group>"; };
		032D16D615DC4E220015912A /* NSString+SSToolkitAdditions.h */ = {isa = PBXFileReference; fileEncoding = 4; lastKnownFileType = sourcecode.c.h; path = "NSString+SSToolkitAdditions.h"; sourceTree = "<group>"; };
		032D16D715DC4E220015912A /* NSString+SSToolkitAdditions.m */ = {isa = PBXFileReference; fileEncoding = 4; lastKnownFileType = sourcecode.c.objc; path = "NSString+SSToolkitAdditions.m"; sourceTree = "<group>"; };
		032D16D915DC50DA0015912A /* CDMTagTextFieldCell.h */ = {isa = PBXFileReference; fileEncoding = 4; lastKnownFileType = sourcecode.c.h; path = CDMTagTextFieldCell.h; sourceTree = "<group>"; };
		032D16DA15DC50DA0015912A /* CDMTagTextFieldCell.m */ = {isa = PBXFileReference; fileEncoding = 4; lastKnownFileType = sourcecode.c.objc; path = CDMTagTextFieldCell.m; sourceTree = "<group>"; };
		032D16DC15DC52260015912A /* CDMColorView.h */ = {isa = PBXFileReference; fileEncoding = 4; lastKnownFileType = sourcecode.c.h; path = CDMColorView.h; sourceTree = "<group>"; };
		032D16DD15DC52260015912A /* CDMColorView.m */ = {isa = PBXFileReference; fileEncoding = 4; lastKnownFileType = sourcecode.c.objc; path = CDMColorView.m; sourceTree = "<group>"; };
		0338827E15D9611F001FC04B /* Fonts */ = {isa = PBXFileReference; lastKnownFileType = folder; path = Fonts; sourceTree = "<group>"; };
		0338828115D96201001FC04B /* CDMArchesWindow.h */ = {isa = PBXFileReference; fileEncoding = 4; lastKnownFileType = sourcecode.c.h; name = CDMArchesWindow.h; path = Classes/CDMArchesWindow.h; sourceTree = "<group>"; };
		0338828215D96201001FC04B /* CDMArchesWindow.m */ = {isa = PBXFileReference; fileEncoding = 4; lastKnownFileType = sourcecode.c.objc; name = CDMArchesWindow.m; path = Classes/CDMArchesWindow.m; sourceTree = "<group>"; };
		033882AA15D968A6001FC04B /* sign-in-logo.png */ = {isa = PBXFileReference; lastKnownFileType = image.png; path = "sign-in-logo.png"; sourceTree = "<group>"; };
		033882AB15D968A6001FC04B /* sign-in-logo@2x.png */ = {isa = PBXFileReference; lastKnownFileType = image.png; path = "sign-in-logo@2x.png"; sourceTree = "<group>"; };
		033882AC15D968A6001FC04B /* traffic-close-graphite-pressed.png */ = {isa = PBXFileReference; lastKnownFileType = image.png; path = "traffic-close-graphite-pressed.png"; sourceTree = "<group>"; };
		033882AD15D968A6001FC04B /* traffic-close-graphite-pressed@2x.png */ = {isa = PBXFileReference; lastKnownFileType = image.png; path = "traffic-close-graphite-pressed@2x.png"; sourceTree = "<group>"; };
		033882AE15D968A6001FC04B /* traffic-close-graphite.png */ = {isa = PBXFileReference; lastKnownFileType = image.png; path = "traffic-close-graphite.png"; sourceTree = "<group>"; };
		033882AF15D968A6001FC04B /* traffic-close-graphite@2x.png */ = {isa = PBXFileReference; lastKnownFileType = image.png; path = "traffic-close-graphite@2x.png"; sourceTree = "<group>"; };
		033882B015D968A6001FC04B /* traffic-close-pressed.png */ = {isa = PBXFileReference; lastKnownFileType = image.png; path = "traffic-close-pressed.png"; sourceTree = "<group>"; };
		033882B115D968A6001FC04B /* traffic-close-pressed@2x.png */ = {isa = PBXFileReference; lastKnownFileType = image.png; path = "traffic-close-pressed@2x.png"; sourceTree = "<group>"; };
		033882B215D968A6001FC04B /* traffic-close.png */ = {isa = PBXFileReference; lastKnownFileType = image.png; path = "traffic-close.png"; sourceTree = "<group>"; };
		033882B315D968A6001FC04B /* traffic-close@2x.png */ = {isa = PBXFileReference; lastKnownFileType = image.png; path = "traffic-close@2x.png"; sourceTree = "<group>"; };
		033882B415D968A6001FC04B /* traffic-graphite-minimize@2x.png */ = {isa = PBXFileReference; lastKnownFileType = image.png; path = "traffic-graphite-minimize@2x.png"; sourceTree = "<group>"; };
		033882B515D968A6001FC04B /* traffic-minimize-graphite-pressed.png */ = {isa = PBXFileReference; lastKnownFileType = image.png; path = "traffic-minimize-graphite-pressed.png"; sourceTree = "<group>"; };
		033882B615D968A6001FC04B /* traffic-minimize-graphite-pressed@2x.png */ = {isa = PBXFileReference; lastKnownFileType = image.png; path = "traffic-minimize-graphite-pressed@2x.png"; sourceTree = "<group>"; };
		033882B715D968A6001FC04B /* traffic-minimize-graphite.png */ = {isa = PBXFileReference; lastKnownFileType = image.png; path = "traffic-minimize-graphite.png"; sourceTree = "<group>"; };
		033882B815D968A6001FC04B /* traffic-minimize-pressed.png */ = {isa = PBXFileReference; lastKnownFileType = image.png; path = "traffic-minimize-pressed.png"; sourceTree = "<group>"; };
		033882B915D968A6001FC04B /* traffic-minimize-pressed@2x.png */ = {isa = PBXFileReference; lastKnownFileType = image.png; path = "traffic-minimize-pressed@2x.png"; sourceTree = "<group>"; };
		033882BA15D968A6001FC04B /* traffic-minimize.png */ = {isa = PBXFileReference; lastKnownFileType = image.png; path = "traffic-minimize.png"; sourceTree = "<group>"; };
		033882BB15D968A6001FC04B /* traffic-minimize@2x.png */ = {isa = PBXFileReference; lastKnownFileType = image.png; path = "traffic-minimize@2x.png"; sourceTree = "<group>"; };
		033882BC15D968A6001FC04B /* traffic-normal.png */ = {isa = PBXFileReference; lastKnownFileType = image.png; path = "traffic-normal.png"; sourceTree = "<group>"; };
		033882BD15D968A6001FC04B /* traffic-normal@2x.png */ = {isa = PBXFileReference; lastKnownFileType = image.png; path = "traffic-normal@2x.png"; sourceTree = "<group>"; };
		033882BE15D968A6001FC04B /* traffic-zoom-graphite-pressed.png */ = {isa = PBXFileReference; lastKnownFileType = image.png; path = "traffic-zoom-graphite-pressed.png"; sourceTree = "<group>"; };
		033882BF15D968A6001FC04B /* traffic-zoom-graphite-pressed@2x.png */ = {isa = PBXFileReference; lastKnownFileType = image.png; path = "traffic-zoom-graphite-pressed@2x.png"; sourceTree = "<group>"; };
		033882C015D968A6001FC04B /* traffic-zoom-graphite.png */ = {isa = PBXFileReference; lastKnownFileType = image.png; path = "traffic-zoom-graphite.png"; sourceTree = "<group>"; };
		033882C115D968A6001FC04B /* traffic-zoom-graphite@2x.png */ = {isa = PBXFileReference; lastKnownFileType = image.png; path = "traffic-zoom-graphite@2x.png"; sourceTree = "<group>"; };
		033882C215D968A6001FC04B /* traffic-zoom-pressed.png */ = {isa = PBXFileReference; lastKnownFileType = image.png; path = "traffic-zoom-pressed.png"; sourceTree = "<group>"; };
		033882C315D968A6001FC04B /* traffic-zoom-pressed@2x.png */ = {isa = PBXFileReference; lastKnownFileType = image.png; path = "traffic-zoom-pressed@2x.png"; sourceTree = "<group>"; };
		033882C415D968A6001FC04B /* traffic-zoom.png */ = {isa = PBXFileReference; lastKnownFileType = image.png; path = "traffic-zoom.png"; sourceTree = "<group>"; };
		033882C515D968A6001FC04B /* traffic-zoom@2x.png */ = {isa = PBXFileReference; lastKnownFileType = image.png; path = "traffic-zoom@2x.png"; sourceTree = "<group>"; };
		033882FE15D97CA9001FC04B /* CDMTextFieldCell.h */ = {isa = PBXFileReference; fileEncoding = 4; lastKnownFileType = sourcecode.c.h; path = CDMTextFieldCell.h; sourceTree = "<group>"; };
		033882FF15D97CA9001FC04B /* CDMTextFieldCell.m */ = {isa = PBXFileReference; fileEncoding = 4; lastKnownFileType = sourcecode.c.objc; path = CDMTextFieldCell.m; sourceTree = "<group>"; };
		0338830115D97D57001FC04B /* Carbon.framework */ = {isa = PBXFileReference; lastKnownFileType = wrapper.framework; name = Carbon.framework; path = System/Library/Frameworks/Carbon.framework; sourceTree = SDKROOT; };
		0338832F15D98BF5001FC04B /* NSBezierPath+MCAdditions.h */ = {isa = PBXFileReference; fileEncoding = 4; lastKnownFileType = sourcecode.c.h; path = "NSBezierPath+MCAdditions.h"; sourceTree = "<group>"; };
		0338833015D98BF5001FC04B /* NSBezierPath+MCAdditions.m */ = {isa = PBXFileReference; fileEncoding = 4; lastKnownFileType = sourcecode.c.objc; path = "NSBezierPath+MCAdditions.m"; sourceTree = "<group>"; };
		0338833515D992EA001FC04B /* CDMSecureTextFieldCell.h */ = {isa = PBXFileReference; fileEncoding = 4; lastKnownFileType = sourcecode.c.h; path = CDMSecureTextFieldCell.h; sourceTree = "<group>"; };
		0338833615D992EA001FC04B /* CDMSecureTextFieldCell.m */ = {isa = PBXFileReference; fileEncoding = 4; lastKnownFileType = sourcecode.c.objc; path = CDMSecureTextFieldCell.m; sourceTree = "<group>"; };
		0338833815D99438001FC04B /* CDMSecureTextField.h */ = {isa = PBXFileReference; fileEncoding = 4; lastKnownFileType = sourcecode.c.h; path = CDMSecureTextField.h; sourceTree = "<group>"; };
		0338833915D99438001FC04B /* CDMSecureTextField.m */ = {isa = PBXFileReference; fileEncoding = 4; lastKnownFileType = sourcecode.c.objc; path = CDMSecureTextField.m; sourceTree = "<group>"; };
		0338839615D99F9B001FC04B /* CDMFlatButton.h */ = {isa = PBXFileReference; fileEncoding = 4; lastKnownFileType = sourcecode.c.h; path = CDMFlatButton.h; sourceTree = "<group>"; };
		0338839715D99F9B001FC04B /* CDMFlatButton.m */ = {isa = PBXFileReference; fileEncoding = 4; lastKnownFileType = sourcecode.c.objc; path = CDMFlatButton.m; sourceTree = "<group>"; };
		0338839915D99FA1001FC04B /* CDMFlatButtonCell.h */ = {isa = PBXFileReference; fileEncoding = 4; lastKnownFileType = sourcecode.c.h; path = CDMFlatButtonCell.h; sourceTree = "<group>"; };
		0338839A15D99FA1001FC04B /* CDMFlatButtonCell.m */ = {isa = PBXFileReference; fileEncoding = 4; lastKnownFileType = sourcecode.c.objc; path = CDMFlatButtonCell.m; sourceTree = "<group>"; };
		0338839F15D9A7F6001FC04B /* CDMTextButtonCell.h */ = {isa = PBXFileReference; fileEncoding = 4; lastKnownFileType = sourcecode.c.h; path = CDMTextButtonCell.h; sourceTree = "<group>"; };
		033883A015D9A7F6001FC04B /* CDMTextButtonCell.m */ = {isa = PBXFileReference; fileEncoding = 4; lastKnownFileType = sourcecode.c.objc; path = CDMTextButtonCell.m; sourceTree = "<group>"; };
		033883A715D9AAF7001FC04B /* QuartzCore.framework */ = {isa = PBXFileReference; lastKnownFileType = wrapper.framework; name = QuartzCore.framework; path = System/Library/Frameworks/QuartzCore.framework; sourceTree = SDKROOT; };
		0338840615D9D53B001FC04B /* CDMListsViewController.h */ = {isa = PBXFileReference; fileEncoding = 4; lastKnownFileType = sourcecode.c.h; path = CDMListsViewController.h; sourceTree = "<group>"; };
		0338840715D9D53B001FC04B /* CDMListsViewController.m */ = {isa = PBXFileReference; fileEncoding = 4; lastKnownFileType = sourcecode.c.objc; path = CDMListsViewController.m; sourceTree = "<group>"; };
		0338840915D9D66F001FC04B /* CDMTasksViewController.h */ = {isa = PBXFileReference; fileEncoding = 4; lastKnownFileType = sourcecode.c.h; path = CDMTasksViewController.h; sourceTree = "<group>"; };
		0338840A15D9D66F001FC04B /* CDMTasksViewController.m */ = {isa = PBXFileReference; fileEncoding = 4; lastKnownFileType = sourcecode.c.objc; path = CDMTasksViewController.m; sourceTree = "<group>"; };
		03457A8215EC8AE300645547 /* QuickAdd.xib */ = {isa = PBXFileReference; fileEncoding = 4; lastKnownFileType = file.xib; path = QuickAdd.xib; sourceTree = "<group>"; };
		0371CF8615ED60A300B304CC /* CDMTasksTableView.h */ = {isa = PBXFileReference; fileEncoding = 4; lastKnownFileType = sourcecode.c.h; path = CDMTasksTableView.h; sourceTree = "<group>"; };
		0371CF8715ED60A400B304CC /* CDMTasksTableView.m */ = {isa = PBXFileReference; fileEncoding = 4; lastKnownFileType = sourcecode.c.objc; path = CDMTasksTableView.m; sourceTree = "<group>"; };
		037252DF15D9FCF700E87D87 /* CDKTask+CDMAdditions.h */ = {isa = PBXFileReference; fileEncoding = 4; lastKnownFileType = sourcecode.c.h; path = "CDKTask+CDMAdditions.h"; sourceTree = "<group>"; };
		037252E015D9FCF700E87D87 /* CDKTask+CDMAdditions.m */ = {isa = PBXFileReference; fileEncoding = 4; lastKnownFileType = sourcecode.c.objc; path = "CDKTask+CDMAdditions.m"; sourceTree = "<group>"; };
		037253A615DA1C4000E87D87 /* CDMShadowTableView.h */ = {isa = PBXFileReference; fileEncoding = 4; lastKnownFileType = sourcecode.c.h; path = CDMShadowTableView.h; sourceTree = "<group>"; };
		037253A715DA1C4000E87D87 /* CDMShadowTableView.m */ = {isa = PBXFileReference; fileEncoding = 4; lastKnownFileType = sourcecode.c.objc; path = CDMShadowTableView.m; sourceTree = "<group>"; };
		038DBD0415F1463100736345 /* LoadingLists.xib */ = {isa = PBXFileReference; fileEncoding = 4; lastKnownFileType = file.xib; path = LoadingLists.xib; sourceTree = "<group>"; };
		038DBD0615F1463800736345 /* LoadingTasks.xib */ = {isa = PBXFileReference; fileEncoding = 4; lastKnownFileType = file.xib; path = LoadingTasks.xib; sourceTree = "<group>"; };
		038FF74715DDA596004B7316 /* CDMTrafficLightsView.h */ = {isa = PBXFileReference; fileEncoding = 4; lastKnownFileType = sourcecode.c.h; path = CDMTrafficLightsView.h; sourceTree = "<group>"; };
		038FF74815DDA596004B7316 /* CDMTrafficLightsView.m */ = {isa = PBXFileReference; fileEncoding = 4; lastKnownFileType = sourcecode.c.objc; path = CDMTrafficLightsView.m; sourceTree = "<group>"; };
		0391100315F08AC300A3EA7B /* NoTasks.xib */ = {isa = PBXFileReference; fileEncoding = 4; lastKnownFileType = file.xib; path = NoTasks.xib; sourceTree = "<group>"; };
		0391100515F08CA300A3EA7B /* NoLists.xib */ = {isa = PBXFileReference; fileEncoding = 4; lastKnownFileType = file.xib; path = NoLists.xib; sourceTree = "<group>"; };
		03B3951B15DAB73000A8A7D4 /* Localizable.strings */ = {isa = PBXFileReference; fileEncoding = 4; lastKnownFileType = text.plist.strings; path = Localizable.strings; sourceTree = "<group>"; };
		03B3952615DAC66E00A8A7D4 /* CDMTaskTextField.h */ = {isa = PBXFileReference; fileEncoding = 4; lastKnownFileType = sourcecode.c.h; path = CDMTaskTextField.h; sourceTree = "<group>"; };
		03B3952715DAC66E00A8A7D4 /* CDMTaskTextField.m */ = {isa = PBXFileReference; fileEncoding = 4; lastKnownFileType = sourcecode.c.objc; path = CDMTaskTextField.m; sourceTree = "<group>"; };
		03B3952C15DAC96E00A8A7D4 /* CDMBoolToTaskTextColorValueTransformer.h */ = {isa = PBXFileReference; fileEncoding = 4; lastKnownFileType = sourcecode.c.h; path = CDMBoolToTaskTextColorValueTransformer.h; sourceTree = "<group>"; };
		03B3952D15DAC97000A8A7D4 /* CDMBoolToTaskTextColorValueTransformer.m */ = {isa = PBXFileReference; fileEncoding = 4; lastKnownFileType = sourcecode.c.objc; path = CDMBoolToTaskTextColorValueTransformer.m; sourceTree = "<group>"; };
		03CB266115DA1FAC00FEDF25 /* CDMAddListView.h */ = {isa = PBXFileReference; fileEncoding = 4; lastKnownFileType = sourcecode.c.h; path = CDMAddListView.h; sourceTree = "<group>"; };
		03CB266215DA1FAC00FEDF25 /* CDMAddListView.m */ = {isa = PBXFileReference; fileEncoding = 4; lastKnownFileType = sourcecode.c.objc; path = CDMAddListView.m; sourceTree = "<group>"; };
		03CB268E15DA248E00FEDF25 /* CDMAddListTextFieldCell.h */ = {isa = PBXFileReference; fileEncoding = 4; lastKnownFileType = sourcecode.c.h; path = CDMAddListTextFieldCell.h; sourceTree = "<group>"; };
		03CB268F15DA248E00FEDF25 /* CDMAddListTextFieldCell.m */ = {isa = PBXFileReference; fileEncoding = 4; lastKnownFileType = sourcecode.c.objc; path = CDMAddListTextFieldCell.m; sourceTree = "<group>"; };
		03F2D98D15DB027400EEC543 /* CDMTaskTextFieldCell.h */ = {isa = PBXFileReference; fileEncoding = 4; lastKnownFileType = sourcecode.c.h; path = CDMTaskTextFieldCell.h; sourceTree = "<group>"; };
		03F2D98E15DB027400EEC543 /* CDMTaskTextFieldCell.m */ = {isa = PBXFileReference; fileEncoding = 4; lastKnownFileType = sourcecode.c.objc; path = CDMTaskTextFieldCell.m; sourceTree = "<group>"; };
		03F7953D15E41FA600C9F652 /* tag-x-unfocused.png */ = {isa = PBXFileReference; lastKnownFileType = image.png; path = "tag-x-unfocused.png"; sourceTree = "<group>"; };
		03F7953E15E41FA600C9F652 /* tag-x-unfocused@2x.png */ = {isa = PBXFileReference; lastKnownFileType = image.png; path = "tag-x-unfocused@2x.png"; sourceTree = "<group>"; };
		03F7953F15E41FA600C9F652 /* About.xib */ = {isa = PBXFileReference; fileEncoding = 4; lastKnownFileType = file.xib; name = About.xib; path = Resources/Nibs/About.xib; sourceTree = SOURCE_ROOT; };
		2137B07A167303160092A7DF /* CDMArchesWindowContentView.h */ = {isa = PBXFileReference; fileEncoding = 4; lastKnownFileType = sourcecode.c.h; path = CDMArchesWindowContentView.h; sourceTree = "<group>"; };
		2137B07B167303160092A7DF /* CDMArchesWindowContentView.m */ = {isa = PBXFileReference; fileEncoding = 4; lastKnownFileType = sourcecode.c.objc; path = CDMArchesWindowContentView.m; sourceTree = "<group>"; };
		21CF85B01668FBF30052625D /* SystemConfiguration.framework */ = {isa = PBXFileReference; lastKnownFileType = wrapper.framework; name = SystemConfiguration.framework; path = System/Library/Frameworks/SystemConfiguration.framework; sourceTree = SDKROOT; };
		21CF8689166908890052625D /* Security.framework */ = {isa = PBXFileReference; lastKnownFileType = wrapper.framework; name = Security.framework; path = System/Library/Frameworks/Security.framework; sourceTree = SDKROOT; };
		B21FF2C015BF7D6500AEEA97 /* Cheddar.app */ = {isa = PBXFileReference; explicitFileType = wrapper.application; includeInIndex = 0; path = Cheddar.app; sourceTree = BUILT_PRODUCTS_DIR; };
		B21FF2C415BF7D6500AEEA97 /* Cocoa.framework */ = {isa = PBXFileReference; lastKnownFileType = wrapper.framework; name = Cocoa.framework; path = System/Library/Frameworks/Cocoa.framework; sourceTree = SDKROOT; };
		B21FF2C715BF7D6500AEEA97 /* AppKit.framework */ = {isa = PBXFileReference; lastKnownFileType = wrapper.framework; name = AppKit.framework; path = System/Library/Frameworks/AppKit.framework; sourceTree = SDKROOT; };
		B21FF2C815BF7D6500AEEA97 /* CoreData.framework */ = {isa = PBXFileReference; lastKnownFileType = wrapper.framework; name = CoreData.framework; path = System/Library/Frameworks/CoreData.framework; sourceTree = SDKROOT; };
		B21FF2C915BF7D6500AEEA97 /* Foundation.framework */ = {isa = PBXFileReference; lastKnownFileType = wrapper.framework; name = Foundation.framework; path = System/Library/Frameworks/Foundation.framework; sourceTree = SDKROOT; };
		B21FF2EE15BF7D7B00AEEA97 /* CDMDefines.m */ = {isa = PBXFileReference; fileEncoding = 4; lastKnownFileType = sourcecode.c.objc; path = CDMDefines.m; sourceTree = "<group>"; };
		B21FF2EF15BF7D7B00AEEA97 /* Cheddar-Prefix.pch */ = {isa = PBXFileReference; fileEncoding = 4; lastKnownFileType = sourcecode.c.h; path = "Cheddar-Prefix.pch"; sourceTree = "<group>"; };
		B21FF2F015BF7D7B00AEEA97 /* main.m */ = {isa = PBXFileReference; fileEncoding = 4; lastKnownFileType = sourcecode.c.objc; path = main.m; sourceTree = "<group>"; };
		B21FF2F215BF7D7B00AEEA97 /* Cheddar-Info.plist */ = {isa = PBXFileReference; fileEncoding = 4; lastKnownFileType = text.plist.xml; path = "Cheddar-Info.plist"; sourceTree = "<group>"; };
		B21FF2F315BF7D7B00AEEA97 /* Cheddar.entitlements */ = {isa = PBXFileReference; fileEncoding = 4; lastKnownFileType = text.xml; path = Cheddar.entitlements; sourceTree = "<group>"; };
		B21FF2FB15BF7D7B00AEEA97 /* Cheddar.icns */ = {isa = PBXFileReference; lastKnownFileType = image.icns; path = Cheddar.icns; sourceTree = "<group>"; };
		B21FF2FD15BF7D7B00AEEA97 /* MainWindow.xib */ = {isa = PBXFileReference; fileEncoding = 4; lastKnownFileType = file.xib; path = MainWindow.xib; sourceTree = "<group>"; };
		B21FF2FE15BF7D7B00AEEA97 /* MainMenu.xib */ = {isa = PBXFileReference; fileEncoding = 4; lastKnownFileType = file.xib; path = MainMenu.xib; sourceTree = "<group>"; };
		B21FF2FF15BF7D7B00AEEA97 /* SignIn.xib */ = {isa = PBXFileReference; fileEncoding = 4; lastKnownFileType = file.xib; path = SignIn.xib; sourceTree = "<group>"; };
		B21FF52115BF7D7C00AEEA97 /* CheddarKit.xcodeproj */ = {isa = PBXFileReference; lastKnownFileType = "wrapper.pb-project"; path = CheddarKit.xcodeproj; sourceTree = "<group>"; };
		B21FF52615BF7D7C00AEEA97 /* Cheddar 2.xcdatamodel */ = {isa = PBXFileReference; lastKnownFileType = wrapper.xcdatamodel; path = "Cheddar 2.xcdatamodel"; sourceTree = "<group>"; };
		B21FF52715BF7D7C00AEEA97 /* Cheddar.xcdatamodel */ = {isa = PBXFileReference; lastKnownFileType = wrapper.xcdatamodel; path = Cheddar.xcdatamodel; sourceTree = "<group>"; };
		B21FF52C15BF7D7C00AEEA97 /* INAppStoreWindow.h */ = {isa = PBXFileReference; fileEncoding = 4; lastKnownFileType = sourcecode.c.h; path = INAppStoreWindow.h; sourceTree = "<group>"; };
		B21FF52D15BF7D7C00AEEA97 /* INAppStoreWindow.m */ = {isa = PBXFileReference; fileEncoding = 4; lastKnownFileType = sourcecode.c.objc; path = INAppStoreWindow.m; sourceTree = "<group>"; };
		B24970C915CBC836008388E5 /* NSImage+CDMAdditions.h */ = {isa = PBXFileReference; fileEncoding = 4; lastKnownFileType = sourcecode.c.h; path = "NSImage+CDMAdditions.h"; sourceTree = "<group>"; };
		B24970CA15CBC836008388E5 /* NSImage+CDMAdditions.m */ = {isa = PBXFileReference; fileEncoding = 4; lastKnownFileType = sourcecode.c.objc; path = "NSImage+CDMAdditions.m"; sourceTree = "<group>"; };
		B249724D15CC0058008388E5 /* title.png */ = {isa = PBXFileReference; lastKnownFileType = image.png; path = title.png; sourceTree = "<group>"; };
		B249724E15CC0058008388E5 /* title@2x.png */ = {isa = PBXFileReference; lastKnownFileType = image.png; path = "title@2x.png"; sourceTree = "<group>"; };
		B249725115CC00D9008388E5 /* CDMTaskTableRowView.h */ = {isa = PBXFileReference; fileEncoding = 4; lastKnownFileType = sourcecode.c.h; path = CDMTaskTableRowView.h; sourceTree = "<group>"; };
		B249725215CC00D9008388E5 /* CDMTaskTableRowView.m */ = {isa = PBXFileReference; fileEncoding = 4; lastKnownFileType = sourcecode.c.objc; path = CDMTaskTableRowView.m; sourceTree = "<group>"; };
		B249725415CC02C0008388E5 /* CDMTaskTableCellView.h */ = {isa = PBXFileReference; fileEncoding = 4; lastKnownFileType = sourcecode.c.h; path = CDMTaskTableCellView.h; sourceTree = "<group>"; };
		B249725515CC02C0008388E5 /* CDMTaskTableCellView.m */ = {isa = PBXFileReference; fileEncoding = 4; lastKnownFileType = sourcecode.c.objc; path = CDMTaskTableCellView.m; sourceTree = "<group>"; };
		B25B9C5C15CF2784005FA4A2 /* CDMMainWindow.h */ = {isa = PBXFileReference; fileEncoding = 4; lastKnownFileType = sourcecode.c.h; name = CDMMainWindow.h; path = Classes/CDMMainWindow.h; sourceTree = "<group>"; };
		B25B9C5D15CF2784005FA4A2 /* CDMMainWindow.m */ = {isa = PBXFileReference; fileEncoding = 4; lastKnownFileType = sourcecode.c.objc; name = CDMMainWindow.m; path = Classes/CDMMainWindow.m; sourceTree = "<group>"; };
		B25E136615CB98AD009751B9 /* CDMListTableRowView.h */ = {isa = PBXFileReference; fileEncoding = 4; lastKnownFileType = sourcecode.c.h; path = CDMListTableRowView.h; sourceTree = "<group>"; };
		B25E136715CB98AD009751B9 /* CDMListTableRowView.m */ = {isa = PBXFileReference; fileEncoding = 4; lastKnownFileType = sourcecode.c.objc; path = CDMListTableRowView.m; sourceTree = "<group>"; };
		B25E13AB15CBB19B009751B9 /* CDMListTableCellView.h */ = {isa = PBXFileReference; fileEncoding = 4; lastKnownFileType = sourcecode.c.h; path = CDMListTableCellView.h; sourceTree = "<group>"; };
		B25E13AC15CBB19B009751B9 /* CDMListTableCellView.m */ = {isa = PBXFileReference; fileEncoding = 4; lastKnownFileType = sourcecode.c.objc; path = CDMListTableCellView.m; sourceTree = "<group>"; };
		B25E13B615CBC2AF009751B9 /* CDMAddTaskView.h */ = {isa = PBXFileReference; fileEncoding = 4; lastKnownFileType = sourcecode.c.h; path = CDMAddTaskView.h; sourceTree = "<group>"; };
		B25E13B715CBC2AF009751B9 /* CDMAddTaskView.m */ = {isa = PBXFileReference; fileEncoding = 4; lastKnownFileType = sourcecode.c.objc; path = CDMAddTaskView.m; sourceTree = "<group>"; };
		B27CBA1215D9EBCE00BC851F /* CDMConstants.h */ = {isa = PBXFileReference; fileEncoding = 4; lastKnownFileType = sourcecode.c.h; path = CDMConstants.h; sourceTree = "<group>"; };
		B27CBA1315D9EBCE00BC851F /* CDMConstants.m */ = {isa = PBXFileReference; fileEncoding = 4; lastKnownFileType = sourcecode.c.objc; path = CDMConstants.m; sourceTree = "<group>"; };
		B27CBB4C15DA233C00BC851F /* x.png */ = {isa = PBXFileReference; lastKnownFileType = image.png; path = x.png; sourceTree = "<group>"; };
		B27CBB4D15DA233C00BC851F /* x@2x.png */ = {isa = PBXFileReference; lastKnownFileType = image.png; path = "x@2x.png"; sourceTree = "<group>"; };
		B27D6AF415DC7E6E0090D88E /* tag.png */ = {isa = PBXFileReference; lastKnownFileType = image.png; path = tag.png; sourceTree = "<group>"; };
		B27D6AF615DC83DE0090D88E /* tag@2x.png */ = {isa = PBXFileReference; lastKnownFileType = image.png; path = "tag@2x.png"; sourceTree = "<group>"; };
		B27D6AF815DC84800090D88E /* tag-x.png */ = {isa = PBXFileReference; lastKnownFileType = image.png; path = "tag-x.png"; sourceTree = "<group>"; };
		B27D6AF915DC84800090D88E /* tag-x@2x.png */ = {isa = PBXFileReference; lastKnownFileType = image.png; path = "tag-x@2x.png"; sourceTree = "<group>"; };
		B2A23D1315D988AB00EA9D2D /* NSColor+CDMAdditions.h */ = {isa = PBXFileReference; fileEncoding = 4; lastKnownFileType = sourcecode.c.h; path = "NSColor+CDMAdditions.h"; sourceTree = "<group>"; };
		B2A23D1415D988AB00EA9D2D /* NSColor+CDMAdditions.m */ = {isa = PBXFileReference; fileEncoding = 4; lastKnownFileType = sourcecode.c.objc; path = "NSColor+CDMAdditions.m"; sourceTree = "<group>"; };
		B2A23D7715D997D900EA9D2D /* CDMAboutWindowController.h */ = {isa = PBXFileReference; fileEncoding = 4; lastKnownFileType = sourcecode.c.h; path = CDMAboutWindowController.h; sourceTree = "<group>"; };
		B2A23D7815D997D900EA9D2D /* CDMAboutWindowController.m */ = {isa = PBXFileReference; fileEncoding = 4; lastKnownFileType = sourcecode.c.objc; path = CDMAboutWindowController.m; sourceTree = "<group>"; };
		B2A23D7A15D997E300EA9D2D /* CDMPreferencesWindowController.h */ = {isa = PBXFileReference; fileEncoding = 4; lastKnownFileType = sourcecode.c.h; path = CDMPreferencesWindowController.h; sourceTree = "<group>"; };
		B2A23D7B15D997E300EA9D2D /* CDMPreferencesWindowController.m */ = {isa = PBXFileReference; fileEncoding = 4; lastKnownFileType = sourcecode.c.objc; path = CDMPreferencesWindowController.m; sourceTree = "<group>"; };
		B2A23DA315D9997700EA9D2D /* About.xib */ = {isa = PBXFileReference; fileEncoding = 4; lastKnownFileType = file.xib; path = About.xib; sourceTree = "<group>"; };
		B2A23DA515D9997E00EA9D2D /* Preferences.xib */ = {isa = PBXFileReference; fileEncoding = 4; lastKnownFileType = file.xib; path = Preferences.xib; sourceTree = "<group>"; };
		B2B2E11015D9A67C008672DA /* DBPrefsWindowController.h */ = {isa = PBXFileReference; fileEncoding = 4; lastKnownFileType = sourcecode.c.h; path = DBPrefsWindowController.h; sourceTree = "<group>"; };
		B2B2E11115D9A67C008672DA /* DBPrefsWindowController.m */ = {isa = PBXFileReference; fileEncoding = 4; lastKnownFileType = sourcecode.c.objc; path = DBPrefsWindowController.m; sourceTree = "<group>"; };
		B2B2E15B15D9B158008672DA /* CDMPreferencesRowView.h */ = {isa = PBXFileReference; fileEncoding = 4; lastKnownFileType = sourcecode.c.h; path = CDMPreferencesRowView.h; sourceTree = "<group>"; };
		B2B2E15C15D9B158008672DA /* CDMPreferencesRowView.m */ = {isa = PBXFileReference; fileEncoding = 4; lastKnownFileType = sourcecode.c.objc; path = CDMPreferencesRowView.m; sourceTree = "<group>"; };
		B2C1EBB015BF838200B65583 /* CDMAppDelegate.h */ = {isa = PBXFileReference; fileEncoding = 4; lastKnownFileType = sourcecode.c.h; path = CDMAppDelegate.h; sourceTree = "<group>"; };
		B2C1EBB115BF838200B65583 /* CDMAppDelegate.m */ = {isa = PBXFileReference; fileEncoding = 4; lastKnownFileType = sourcecode.c.objc; path = CDMAppDelegate.m; sourceTree = "<group>"; };
		B2C1EBB215BF838200B65583 /* CDMMainWindowController.h */ = {isa = PBXFileReference; fileEncoding = 4; lastKnownFileType = sourcecode.c.h; path = CDMMainWindowController.h; sourceTree = "<group>"; };
		B2C1EBB315BF838200B65583 /* CDMMainWindowController.m */ = {isa = PBXFileReference; fileEncoding = 4; lastKnownFileType = sourcecode.c.objc; path = CDMMainWindowController.m; sourceTree = "<group>"; };
		B2C1EBB415BF838200B65583 /* CDMSignInWindowController.h */ = {isa = PBXFileReference; fileEncoding = 4; lastKnownFileType = sourcecode.c.h; path = CDMSignInWindowController.h; sourceTree = "<group>"; };
		B2C1EBB515BF838200B65583 /* CDMSignInWindowController.m */ = {isa = PBXFileReference; fileEncoding = 4; lastKnownFileType = sourcecode.c.objc; path = CDMSignInWindowController.m; sourceTree = "<group>"; };
		B2D2A4D715CC96140029D315 /* arches.png */ = {isa = PBXFileReference; lastKnownFileType = image.png; path = arches.png; sourceTree = "<group>"; };
		B2D2A4D815CC96140029D315 /* arches@2x.png */ = {isa = PBXFileReference; lastKnownFileType = image.png; path = "arches@2x.png"; sourceTree = "<group>"; };
		B2D8D60B15BF80D000A61836 /* CDMDefines.h */ = {isa = PBXFileReference; lastKnownFileType = sourcecode.c.h; path = CDMDefines.h; sourceTree = "<group>"; };
		B2DCE53215DB12CE00468BF5 /* move-arrow.png */ = {isa = PBXFileReference; lastKnownFileType = image.png; path = "move-arrow.png"; sourceTree = "<group>"; };
		B2DCE53315DB12CE00468BF5 /* move-arrow@2x.png */ = {isa = PBXFileReference; lastKnownFileType = image.png; path = "move-arrow@2x.png"; sourceTree = "<group>"; };
/* End PBXFileReference section */

/* Begin PBXFrameworksBuildPhase section */
		B21FF2BD15BF7D6500AEEA97 /* Frameworks */ = {
			isa = PBXFrameworksBuildPhase;
			buildActionMask = 2147483647;
			files = (
				21CF868A166908890052625D /* Security.framework in Frameworks */,
				21CF8688166908860052625D /* SystemConfiguration.framework in Frameworks */,
				033883A815D9AAF8001FC04B /* QuartzCore.framework in Frameworks */,
				0338830215D97D57001FC04B /* Carbon.framework in Frameworks */,
				B2D8D5F315BF7FAE00A61836 /* libCheddarKitMac.a in Frameworks */,
				B21FF2C515BF7D6500AEEA97 /* Cocoa.framework in Frameworks */,
			);
			runOnlyForDeploymentPostprocessing = 0;
		};
/* End PBXFrameworksBuildPhase section */

/* Begin PBXGroup section */
		0306DBA915EC830A00D6409B /* MASShortcut */ = {
			isa = PBXGroup;
			children = (
				0306DBAB15EC830A00D6409B /* MASShortcut+UserDefaults.h */,
				0306DBAC15EC830A00D6409B /* MASShortcut+UserDefaults.m */,
				0306DBAD15EC830A00D6409B /* MASShortcut.h */,
				0306DBAE15EC830A00D6409B /* MASShortcut.m */,
				0306DBAF15EC830A00D6409B /* MASShortcutView+UserDefaults.h */,
				0306DBB015EC830A00D6409B /* MASShortcutView+UserDefaults.m */,
				0306DBB115EC830A00D6409B /* MASShortcutView.h */,
				0306DBB215EC830A00D6409B /* MASShortcutView.m */,
			);
			path = MASShortcut;
			sourceTree = "<group>";
		};
		031E242D15DB69A300EEA810 /* Table View */ = {
			isa = PBXGroup;
			children = (
				037253A615DA1C4000E87D87 /* CDMShadowTableView.h */,
				037253A715DA1C4000E87D87 /* CDMShadowTableView.m */,
				B25E136615CB98AD009751B9 /* CDMListTableRowView.h */,
				B25E136715CB98AD009751B9 /* CDMListTableRowView.m */,
				B25E13AB15CBB19B009751B9 /* CDMListTableCellView.h */,
				B25E13AC15CBB19B009751B9 /* CDMListTableCellView.m */,
				B249725115CC00D9008388E5 /* CDMTaskTableRowView.h */,
				B249725215CC00D9008388E5 /* CDMTaskTableRowView.m */,
				B249725415CC02C0008388E5 /* CDMTaskTableCellView.h */,
				B249725515CC02C0008388E5 /* CDMTaskTableCellView.m */,
				B2B2E15B15D9B158008672DA /* CDMPreferencesRowView.h */,
				B2B2E15C15D9B158008672DA /* CDMPreferencesRowView.m */,
				0371CF8615ED60A300B304CC /* CDMTasksTableView.h */,
				0371CF8715ED60A400B304CC /* CDMTasksTableView.m */,
			);
			name = "Table View";
			sourceTree = "<group>";
		};
		031E242E15DB69B000EEA810 /* Text Fields */ = {
			isa = PBXGroup;
			children = (
				0338833815D99438001FC04B /* CDMSecureTextField.h */,
				0338833915D99438001FC04B /* CDMSecureTextField.m */,
				03B3952615DAC66E00A8A7D4 /* CDMTaskTextField.h */,
				03B3952715DAC66E00A8A7D4 /* CDMTaskTextField.m */,
				031E242A15DB690F00EEA810 /* CDMTextField.h */,
				031E242B15DB690F00EEA810 /* CDMTextField.m */,
			);
			name = "Text Fields";
			sourceTree = "<group>";
		};
		031E242F15DB69C800EEA810 /* Custom Views */ = {
			isa = PBXGroup;
			children = (
				B25E13B615CBC2AF009751B9 /* CDMAddTaskView.h */,
				B25E13B715CBC2AF009751B9 /* CDMAddTaskView.m */,
				03CB266115DA1FAC00FEDF25 /* CDMAddListView.h */,
				03CB266215DA1FAC00FEDF25 /* CDMAddListView.m */,
				032D16CD15DC3CE80015912A /* CDMTagFilterBar.h */,
				032D16CE15DC3CE80015912A /* CDMTagFilterBar.m */,
				032D16DC15DC52260015912A /* CDMColorView.h */,
				032D16DD15DC52260015912A /* CDMColorView.m */,
			);
			name = "Custom Views";
			sourceTree = "<group>";
		};
		031E243015DB69D500EEA810 /* Buttons */ = {
			isa = PBXGroup;
			children = (
				0338839615D99F9B001FC04B /* CDMFlatButton.h */,
				0338839715D99F9B001FC04B /* CDMFlatButton.m */,
			);
			name = Buttons;
			sourceTree = "<group>";
		};
		031E243115DB69DE00EEA810 /* Buttons */ = {
			isa = PBXGroup;
			children = (
				0338839915D99FA1001FC04B /* CDMFlatButtonCell.h */,
				0338839A15D99FA1001FC04B /* CDMFlatButtonCell.m */,
				0338839F15D9A7F6001FC04B /* CDMTextButtonCell.h */,
				033883A015D9A7F6001FC04B /* CDMTextButtonCell.m */,
			);
			name = Buttons;
			sourceTree = "<group>";
		};
		031E243215DB69F600EEA810 /* Text Fields */ = {
			isa = PBXGroup;
			children = (
				033882FE15D97CA9001FC04B /* CDMTextFieldCell.h */,
				033882FF15D97CA9001FC04B /* CDMTextFieldCell.m */,
				0338833515D992EA001FC04B /* CDMSecureTextFieldCell.h */,
				0338833615D992EA001FC04B /* CDMSecureTextFieldCell.m */,
				03CB268E15DA248E00FEDF25 /* CDMAddListTextFieldCell.h */,
				03CB268F15DA248E00FEDF25 /* CDMAddListTextFieldCell.m */,
				03F2D98D15DB027400EEC543 /* CDMTaskTextFieldCell.h */,
				03F2D98E15DB027400EEC543 /* CDMTaskTextFieldCell.m */,
				032D16D915DC50DA0015912A /* CDMTagTextFieldCell.h */,
				032D16DA15DC50DA0015912A /* CDMTagTextFieldCell.m */,
			);
			name = "Text Fields";
			sourceTree = "<group>";
		};
		0338828015D961E1001FC04B /* Windows */ = {
			isa = PBXGroup;
			children = (
				B25B9C5C15CF2784005FA4A2 /* CDMMainWindow.h */,
				B25B9C5D15CF2784005FA4A2 /* CDMMainWindow.m */,
				0338828115D96201001FC04B /* CDMArchesWindow.h */,
				0338828215D96201001FC04B /* CDMArchesWindow.m */,
			);
			name = Windows;
			path = ..;
			sourceTree = "<group>";
		};
		03B3952F15DAC97D00A8A7D4 /* Value Transformers */ = {
			isa = PBXGroup;
			children = (
				03B3952C15DAC96E00A8A7D4 /* CDMBoolToTaskTextColorValueTransformer.h */,
				03B3952D15DAC97000A8A7D4 /* CDMBoolToTaskTextColorValueTransformer.m */,
			);
			name = "Value Transformers";
			sourceTree = "<group>";
		};
		2137B07D1673051B0092A7DF /* Window Components */ = {
			isa = PBXGroup;
			children = (
				038FF74715DDA596004B7316 /* CDMTrafficLightsView.h */,
				038FF74815DDA596004B7316 /* CDMTrafficLightsView.m */,
				2137B07A167303160092A7DF /* CDMArchesWindowContentView.h */,
				2137B07B167303160092A7DF /* CDMArchesWindowContentView.m */,
			);
			name = "Window Components";
			sourceTree = "<group>";
		};
		B21FF2B515BF7D6500AEEA97 = {
			isa = PBXGroup;
			children = (
				B21FF2E615BF7D7B00AEEA97 /* Classes */,
				B21FF2ED15BF7D7B00AEEA97 /* Other Sources */,
				B21FF2F115BF7D7B00AEEA97 /* Resources */,
				B21FF30015BF7D7B00AEEA97 /* Vendor */,
				B21FF2C315BF7D6500AEEA97 /* Frameworks */,
				B21FF2C115BF7D6500AEEA97 /* Products */,
			);
			sourceTree = "<group>";
		};
		B21FF2C115BF7D6500AEEA97 /* Products */ = {
			isa = PBXGroup;
			children = (
				B21FF2C015BF7D6500AEEA97 /* Cheddar.app */,
			);
			name = Products;
			sourceTree = "<group>";
		};
		B21FF2C315BF7D6500AEEA97 /* Frameworks */ = {
			isa = PBXGroup;
			children = (
				21CF8689166908890052625D /* Security.framework */,
				21CF85B01668FBF30052625D /* SystemConfiguration.framework */,
				033883A715D9AAF7001FC04B /* QuartzCore.framework */,
				B21FF2C415BF7D6500AEEA97 /* Cocoa.framework */,
				0338830115D97D57001FC04B /* Carbon.framework */,
				B21FF2C715BF7D6500AEEA97 /* AppKit.framework */,
				B21FF2C815BF7D6500AEEA97 /* CoreData.framework */,
				B21FF2C915BF7D6500AEEA97 /* Foundation.framework */,
			);
			name = Frameworks;
			sourceTree = "<group>";
		};
		B21FF2E615BF7D7B00AEEA97 /* Classes */ = {
			isa = PBXGroup;
			children = (
				B2A23D1115D9818500EA9D2D /* Application */,
				B2A23D1015D9817F00EA9D2D /* Window Controllers */,
				B27CB98815D9D90D00BC851F /* View Controllers */,
				0338828015D961E1001FC04B /* Windows */,
				B25E13AA15CBB185009751B9 /* Views */,
				B249723015CBE10B008388E5 /* Cells */,
				03B3952F15DAC97D00A8A7D4 /* Value Transformers */,
				B24970C815CBC827008388E5 /* Categories */,
			);
			path = Classes;
			sourceTree = "<group>";
		};
		B21FF2ED15BF7D7B00AEEA97 /* Other Sources */ = {
			isa = PBXGroup;
			children = (
				B2D8D60B15BF80D000A61836 /* CDMDefines.h */,
				B21FF2EE15BF7D7B00AEEA97 /* CDMDefines.m */,
				B21FF2EF15BF7D7B00AEEA97 /* Cheddar-Prefix.pch */,
				B21FF2F015BF7D7B00AEEA97 /* main.m */,
				B27CBA1215D9EBCE00BC851F /* CDMConstants.h */,
				B27CBA1315D9EBCE00BC851F /* CDMConstants.m */,
			);
			path = "Other Sources";
			sourceTree = "<group>";
		};
		B21FF2F115BF7D7B00AEEA97 /* Resources */ = {
			isa = PBXGroup;
			children = (
				B21FF2FC15BF7D7B00AEEA97 /* Nibs */,
				B21FF2FA15BF7D7B00AEEA97 /* Images */,
				0338827E15D9611F001FC04B /* Fonts */,
				B21FF2F215BF7D7B00AEEA97 /* Cheddar-Info.plist */,
				B21FF2F315BF7D7B00AEEA97 /* Cheddar.entitlements */,
				03B3951B15DAB73000A8A7D4 /* Localizable.strings */,
			);
			path = Resources;
			sourceTree = "<group>";
		};
		B21FF2FA15BF7D7B00AEEA97 /* Images */ = {
			isa = PBXGroup;
			children = (
				B27D6AF815DC84800090D88E /* tag-x.png */,
				B27D6AF915DC84800090D88E /* tag-x@2x.png */,
				03F7953D15E41FA600C9F652 /* tag-x-unfocused.png */,
				03F7953E15E41FA600C9F652 /* tag-x-unfocused@2x.png */,
				03F7953F15E41FA600C9F652 /* About.xib */,
				B27D6AF615DC83DE0090D88E /* tag@2x.png */,
				B27D6AF415DC7E6E0090D88E /* tag.png */,
				B2DCE53215DB12CE00468BF5 /* move-arrow.png */,
				B2DCE53315DB12CE00468BF5 /* move-arrow@2x.png */,
				B27CBB4C15DA233C00BC851F /* x.png */,
				B27CBB4D15DA233C00BC851F /* x@2x.png */,
				033882AA15D968A6001FC04B /* sign-in-logo.png */,
				033882AB15D968A6001FC04B /* sign-in-logo@2x.png */,
				033882AC15D968A6001FC04B /* traffic-close-graphite-pressed.png */,
				033882AD15D968A6001FC04B /* traffic-close-graphite-pressed@2x.png */,
				033882AE15D968A6001FC04B /* traffic-close-graphite.png */,
				033882AF15D968A6001FC04B /* traffic-close-graphite@2x.png */,
				033882B015D968A6001FC04B /* traffic-close-pressed.png */,
				033882B115D968A6001FC04B /* traffic-close-pressed@2x.png */,
				033882B215D968A6001FC04B /* traffic-close.png */,
				033882B315D968A6001FC04B /* traffic-close@2x.png */,
				033882B415D968A6001FC04B /* traffic-graphite-minimize@2x.png */,
				033882B515D968A6001FC04B /* traffic-minimize-graphite-pressed.png */,
				033882B615D968A6001FC04B /* traffic-minimize-graphite-pressed@2x.png */,
				033882B715D968A6001FC04B /* traffic-minimize-graphite.png */,
				033882B815D968A6001FC04B /* traffic-minimize-pressed.png */,
				033882B915D968A6001FC04B /* traffic-minimize-pressed@2x.png */,
				033882BA15D968A6001FC04B /* traffic-minimize.png */,
				033882BB15D968A6001FC04B /* traffic-minimize@2x.png */,
				033882BC15D968A6001FC04B /* traffic-normal.png */,
				033882BD15D968A6001FC04B /* traffic-normal@2x.png */,
				033882BE15D968A6001FC04B /* traffic-zoom-graphite-pressed.png */,
				033882BF15D968A6001FC04B /* traffic-zoom-graphite-pressed@2x.png */,
				033882C015D968A6001FC04B /* traffic-zoom-graphite.png */,
				033882C115D968A6001FC04B /* traffic-zoom-graphite@2x.png */,
				033882C215D968A6001FC04B /* traffic-zoom-pressed.png */,
				033882C315D968A6001FC04B /* traffic-zoom-pressed@2x.png */,
				033882C415D968A6001FC04B /* traffic-zoom.png */,
				033882C515D968A6001FC04B /* traffic-zoom@2x.png */,
				B2D2A4D715CC96140029D315 /* arches.png */,
				B2D2A4D815CC96140029D315 /* arches@2x.png */,
				B249724D15CC0058008388E5 /* title.png */,
				B249724E15CC0058008388E5 /* title@2x.png */,
				B21FF2FB15BF7D7B00AEEA97 /* Cheddar.icns */,
			);
			path = Images;
			sourceTree = "<group>";
		};
		B21FF2FC15BF7D7B00AEEA97 /* Nibs */ = {
			isa = PBXGroup;
			children = (
				B21FF2FE15BF7D7B00AEEA97 /* MainMenu.xib */,
				B21FF2FD15BF7D7B00AEEA97 /* MainWindow.xib */,
				B21FF2FF15BF7D7B00AEEA97 /* SignIn.xib */,
				B2A23DA315D9997700EA9D2D /* About.xib */,
				B2A23DA515D9997E00EA9D2D /* Preferences.xib */,
				03457A8215EC8AE300645547 /* QuickAdd.xib */,
				0391100315F08AC300A3EA7B /* NoTasks.xib */,
				0391100515F08CA300A3EA7B /* NoLists.xib */,
				038DBD0415F1463100736345 /* LoadingLists.xib */,
				038DBD0615F1463800736345 /* LoadingTasks.xib */,
			);
			path = Nibs;
			sourceTree = "<group>";
		};
		B21FF30015BF7D7B00AEEA97 /* Vendor */ = {
			isa = PBXGroup;
			children = (
				0306DBA915EC830A00D6409B /* MASShortcut */,
				B21FF30115BF7D7B00AEEA97 /* CheddarKit */,
				B21FF52A15BF7D7C00AEEA97 /* INAppStoreWindow */,
				B2B2E0FA15D9A67C008672DA /* DBPrefsWindowController */,
			);
			path = Vendor;
			sourceTree = "<group>";
		};
		B21FF30115BF7D7B00AEEA97 /* CheddarKit */ = {
			isa = PBXGroup;
			children = (
				B21FF52115BF7D7C00AEEA97 /* CheddarKit.xcodeproj */,
				B21FF52415BF7D7C00AEEA97 /* Other Sources */,
			);
			path = CheddarKit;
			sourceTree = "<group>";
		};
		B21FF52215BF7D7C00AEEA97 /* Products */ = {
			isa = PBXGroup;
			children = (
				B21FF72115BF7D7D00AEEA97 /* libCheddarKit.a */,
				B2D8D5F015BF7F9100A61836 /* libCheddarKitMac.a */,
			);
			name = Products;
			sourceTree = "<group>";
		};
		B21FF52415BF7D7C00AEEA97 /* Other Sources */ = {
			isa = PBXGroup;
			children = (
				B21FF52515BF7D7C00AEEA97 /* Cheddar.xcdatamodeld */,
			);
			path = "Other Sources";
			sourceTree = "<group>";
		};
		B21FF52A15BF7D7C00AEEA97 /* INAppStoreWindow */ = {
			isa = PBXGroup;
			children = (
				B21FF52C15BF7D7C00AEEA97 /* INAppStoreWindow.h */,
				B21FF52D15BF7D7C00AEEA97 /* INAppStoreWindow.m */,
			);
			path = INAppStoreWindow;
			sourceTree = "<group>";
		};
		B24970C815CBC827008388E5 /* Categories */ = {
			isa = PBXGroup;
			children = (
				0338832F15D98BF5001FC04B /* NSBezierPath+MCAdditions.h */,
				0338833015D98BF5001FC04B /* NSBezierPath+MCAdditions.m */,
				B24970C915CBC836008388E5 /* NSImage+CDMAdditions.h */,
				B24970CA15CBC836008388E5 /* NSImage+CDMAdditions.m */,
				B2A23D1315D988AB00EA9D2D /* NSColor+CDMAdditions.h */,
				B2A23D1415D988AB00EA9D2D /* NSColor+CDMAdditions.m */,
				037252DF15D9FCF700E87D87 /* CDKTask+CDMAdditions.h */,
				037252E015D9FCF700E87D87 /* CDKTask+CDMAdditions.m */,
				032D16D015DC4D160015912A /* NSURL+SSToolkitAdditions.h */,
				032D16D115DC4D160015912A /* NSURL+SSToolkitAdditions.m */,
				032D16D315DC4D6D0015912A /* NSDictionary+SSToolkitAdditions.h */,
				032D16D415DC4D6D0015912A /* NSDictionary+SSToolkitAdditions.m */,
				032D16D615DC4E220015912A /* NSString+SSToolkitAdditions.h */,
				032D16D715DC4E220015912A /* NSString+SSToolkitAdditions.m */,
			);
			name = Categories;
			sourceTree = "<group>";
		};
		B249723015CBE10B008388E5 /* Cells */ = {
			isa = PBXGroup;
			children = (
				031E243215DB69F600EEA810 /* Text Fields */,
				031E243115DB69DE00EEA810 /* Buttons */,
			);
			name = Cells;
			sourceTree = "<group>";
		};
		B25E13AA15CBB185009751B9 /* Views */ = {
			isa = PBXGroup;
			children = (
				031E243015DB69D500EEA810 /* Buttons */,
				031E242F15DB69C800EEA810 /* Custom Views */,
				031E242E15DB69B000EEA810 /* Text Fields */,
				031E242D15DB69A300EEA810 /* Table View */,
				2137B07D1673051B0092A7DF /* Window Components */,
			);
			name = Views;
			sourceTree = "<group>";
		};
		B27CB98815D9D90D00BC851F /* View Controllers */ = {
			isa = PBXGroup;
			children = (
				0338840615D9D53B001FC04B /* CDMListsViewController.h */,
				0338840715D9D53B001FC04B /* CDMListsViewController.m */,
				0338840915D9D66F001FC04B /* CDMTasksViewController.h */,
				0338840A15D9D66F001FC04B /* CDMTasksViewController.m */,
			);
			name = "View Controllers";
			sourceTree = "<group>";
		};
		B2A23D1015D9817F00EA9D2D /* Window Controllers */ = {
			isa = PBXGroup;
			children = (
				B2C1EBB215BF838200B65583 /* CDMMainWindowController.h */,
				B2C1EBB315BF838200B65583 /* CDMMainWindowController.m */,
				B2C1EBB415BF838200B65583 /* CDMSignInWindowController.h */,
				B2C1EBB515BF838200B65583 /* CDMSignInWindowController.m */,
				B2A23D7715D997D900EA9D2D /* CDMAboutWindowController.h */,
				B2A23D7815D997D900EA9D2D /* CDMAboutWindowController.m */,
				B2A23D7A15D997E300EA9D2D /* CDMPreferencesWindowController.h */,
				B2A23D7B15D997E300EA9D2D /* CDMPreferencesWindowController.m */,
				0306DBBC15EC87F400D6409B /* CDMQuickAddWindowController.h */,
				0306DBBD15EC87F400D6409B /* CDMQuickAddWindowController.m */,
			);
			name = "Window Controllers";
			sourceTree = "<group>";
		};
		B2A23D1115D9818500EA9D2D /* Application */ = {
			isa = PBXGroup;
			children = (
				B2C1EBB015BF838200B65583 /* CDMAppDelegate.h */,
				B2C1EBB115BF838200B65583 /* CDMAppDelegate.m */,
			);
			name = Application;
			sourceTree = "<group>";
		};
		B2B2E0FA15D9A67C008672DA /* DBPrefsWindowController */ = {
			isa = PBXGroup;
			children = (
				B2B2E10B15D9A67C008672DA /* Source */,
			);
			path = DBPrefsWindowController;
			sourceTree = "<group>";
		};
		B2B2E10B15D9A67C008672DA /* Source */ = {
			isa = PBXGroup;
			children = (
				B2B2E11015D9A67C008672DA /* DBPrefsWindowController.h */,
				B2B2E11115D9A67C008672DA /* DBPrefsWindowController.m */,
			);
			path = Source;
			sourceTree = "<group>";
		};
/* End PBXGroup section */

/* Begin PBXNativeTarget section */
		B21FF2BF15BF7D6500AEEA97 /* Cheddar for Mac */ = {
			isa = PBXNativeTarget;
			buildConfigurationList = B21FF2DE15BF7D6500AEEA97 /* Build configuration list for PBXNativeTarget "Cheddar for Mac" */;
			buildPhases = (
				B21FF2BC15BF7D6500AEEA97 /* Sources */,
				B21FF2BD15BF7D6500AEEA97 /* Frameworks */,
				B21FF2BE15BF7D6500AEEA97 /* Resources */,
				B2D8D5F415BF7FB300A61836 /* CopyFiles */,
			);
			buildRules = (
			);
			dependencies = (
				B2D8D5F215BF7FAA00A61836 /* PBXTargetDependency */,
			);
			name = "Cheddar for Mac";
			productName = "Cheddar for Mac";
			productReference = B21FF2C015BF7D6500AEEA97 /* Cheddar.app */;
			productType = "com.apple.product-type.application";
		};
/* End PBXNativeTarget section */

/* Begin PBXProject section */
		B21FF2B715BF7D6500AEEA97 /* Project object */ = {
			isa = PBXProject;
			attributes = {
				CLASSPREFIX = CDM;
				LastUpgradeCheck = 0440;
				ORGANIZATIONNAME = "Nothing Magical";
			};
			buildConfigurationList = B21FF2BA15BF7D6500AEEA97 /* Build configuration list for PBXProject "Cheddar for Mac" */;
			compatibilityVersion = "Xcode 3.2";
			developmentRegion = English;
			hasScannedForEncodings = 0;
			knownRegions = (
				en,
				English,
				ca,
				cs,
				cy,
				da,
				de,
				el,
				es,
				fi,
				fr,
				he,
				hu,
				id,
				is,
				it,
				ja,
				ko,
				nl,
				no,
				pl,
				"pt-BR",
				pt_BR,
				pt_PT,
				ro,
				ru,
				sk,
				sl,
				sv,
				th,
				tr,
				uk,
				zh_CN,
				zh_TW,
			);
			mainGroup = B21FF2B515BF7D6500AEEA97;
			productRefGroup = B21FF2C115BF7D6500AEEA97 /* Products */;
			projectDirPath = "";
			projectReferences = (
				{
					ProductGroup = B21FF52215BF7D7C00AEEA97 /* Products */;
					ProjectRef = B21FF52115BF7D7C00AEEA97 /* CheddarKit.xcodeproj */;
				},
			);
			projectRoot = "";
			targets = (
				B21FF2BF15BF7D6500AEEA97 /* Cheddar for Mac */,
			);
		};
/* End PBXProject section */

/* Begin PBXReferenceProxy section */
		B21FF72115BF7D7D00AEEA97 /* libCheddarKit.a */ = {
			isa = PBXReferenceProxy;
			fileType = archive.ar;
			path = libCheddarKit.a;
			remoteRef = B21FF72015BF7D7D00AEEA97 /* PBXContainerItemProxy */;
			sourceTree = BUILT_PRODUCTS_DIR;
		};
		B2D8D5F015BF7F9100A61836 /* libCheddarKitMac.a */ = {
			isa = PBXReferenceProxy;
			fileType = archive.ar;
			path = libCheddarKitMac.a;
			remoteRef = B2D8D5EF15BF7F9100A61836 /* PBXContainerItemProxy */;
			sourceTree = BUILT_PRODUCTS_DIR;
		};
/* End PBXReferenceProxy section */

/* Begin PBXResourcesBuildPhase section */
		B21FF2BE15BF7D6500AEEA97 /* Resources */ = {
			isa = PBXResourcesBuildPhase;
			buildActionMask = 2147483647;
			files = (
				B21FF57A15BF7D7C00AEEA97 /* Cheddar.icns in Resources */,
				B21FF57B15BF7D7C00AEEA97 /* MainWindow.xib in Resources */,
				B21FF57C15BF7D7C00AEEA97 /* MainMenu.xib in Resources */,
				B21FF57D15BF7D7C00AEEA97 /* SignIn.xib in Resources */,
				B249724F15CC0058008388E5 /* title.png in Resources */,
				B249725015CC0058008388E5 /* title@2x.png in Resources */,
				B2D2A4D915CC96140029D315 /* arches.png in Resources */,
				B2D2A4DA15CC96140029D315 /* arches@2x.png in Resources */,
				0338827F15D9611F001FC04B /* Fonts in Resources */,
				033882C615D968A6001FC04B /* sign-in-logo.png in Resources */,
				033882C715D968A6001FC04B /* sign-in-logo@2x.png in Resources */,
				033882C815D968A6001FC04B /* traffic-close-graphite-pressed.png in Resources */,
				033882C915D968A6001FC04B /* traffic-close-graphite-pressed@2x.png in Resources */,
				033882CA15D968A6001FC04B /* traffic-close-graphite.png in Resources */,
				033882CB15D968A6001FC04B /* traffic-close-graphite@2x.png in Resources */,
				033882CC15D968A6001FC04B /* traffic-close-pressed.png in Resources */,
				033882CD15D968A6001FC04B /* traffic-close-pressed@2x.png in Resources */,
				033882CE15D968A6001FC04B /* traffic-close.png in Resources */,
				033882CF15D968A6001FC04B /* traffic-close@2x.png in Resources */,
				033882D015D968A6001FC04B /* traffic-graphite-minimize@2x.png in Resources */,
				033882D115D968A6001FC04B /* traffic-minimize-graphite-pressed.png in Resources */,
				033882D215D968A6001FC04B /* traffic-minimize-graphite-pressed@2x.png in Resources */,
				033882D315D968A6001FC04B /* traffic-minimize-graphite.png in Resources */,
				033882D415D968A6001FC04B /* traffic-minimize-pressed.png in Resources */,
				033882D515D968A6001FC04B /* traffic-minimize-pressed@2x.png in Resources */,
				033882D615D968A6001FC04B /* traffic-minimize.png in Resources */,
				033882D715D968A6001FC04B /* traffic-minimize@2x.png in Resources */,
				033882D815D968A6001FC04B /* traffic-normal.png in Resources */,
				033882D915D968A6001FC04B /* traffic-normal@2x.png in Resources */,
				033882DA15D968A6001FC04B /* traffic-zoom-graphite-pressed.png in Resources */,
				033882DB15D968A6001FC04B /* traffic-zoom-graphite-pressed@2x.png in Resources */,
				033882DC15D968A6001FC04B /* traffic-zoom-graphite.png in Resources */,
				033882DD15D968A6001FC04B /* traffic-zoom-graphite@2x.png in Resources */,
				033882DE15D968A6001FC04B /* traffic-zoom-pressed.png in Resources */,
				033882DF15D968A6001FC04B /* traffic-zoom-pressed@2x.png in Resources */,
				033882E015D968A6001FC04B /* traffic-zoom.png in Resources */,
				033882E115D968A6001FC04B /* traffic-zoom@2x.png in Resources */,
				B2A23DA415D9997700EA9D2D /* About.xib in Resources */,
				B2A23DA615D9997E00EA9D2D /* Preferences.xib in Resources */,
				B27CBB4E15DA233C00BC851F /* x.png in Resources */,
				B27CBB4F15DA233C00BC851F /* x@2x.png in Resources */,
				03B3951C15DAB73000A8A7D4 /* Localizable.strings in Resources */,
				B2DCE53415DB12CE00468BF5 /* move-arrow.png in Resources */,
				B2DCE53515DB12CE00468BF5 /* move-arrow@2x.png in Resources */,
				B27D6AF515DC7E6E0090D88E /* tag.png in Resources */,
				B27D6AF715DC83DE0090D88E /* tag@2x.png in Resources */,
				B27D6AFA15DC84800090D88E /* tag-x.png in Resources */,
				B27D6AFB15DC84800090D88E /* tag-x@2x.png in Resources */,
				03F7954015E41FA600C9F652 /* tag-x-unfocused.png in Resources */,
				03F7954115E41FA600C9F652 /* tag-x-unfocused@2x.png in Resources */,
				03F7954215E41FA600C9F652 /* About.xib in Resources */,
				03457A8315EC8AE300645547 /* QuickAdd.xib in Resources */,
				0391100415F08AC300A3EA7B /* NoTasks.xib in Resources */,
				0391100615F08CA300A3EA7B /* NoLists.xib in Resources */,
				038DBD0515F1463100736345 /* LoadingLists.xib in Resources */,
				038DBD0715F1463800736345 /* LoadingTasks.xib in Resources */,
			);
			runOnlyForDeploymentPostprocessing = 0;
		};
/* End PBXResourcesBuildPhase section */

/* Begin PBXSourcesBuildPhase section */
		B21FF2BC15BF7D6500AEEA97 /* Sources */ = {
			isa = PBXSourcesBuildPhase;
			buildActionMask = 2147483647;
			files = (
				B21FF57115BF7D7C00AEEA97 /* CDMDefines.m in Sources */,
				B21FF57215BF7D7C00AEEA97 /* main.m in Sources */,
				B21FF70315BF7D7C00AEEA97 /* Cheddar.xcdatamodeld in Sources */,
				B21FF70715BF7D7C00AEEA97 /* INAppStoreWindow.m in Sources */,
				B2C1EBB615BF838200B65583 /* CDMAppDelegate.m in Sources */,
				B2C1EBB715BF838200B65583 /* CDMMainWindowController.m in Sources */,
				B2C1EBB815BF838200B65583 /* CDMSignInWindowController.m in Sources */,
				B25E136815CB98AD009751B9 /* CDMListTableRowView.m in Sources */,
				B25E13AD15CBB19B009751B9 /* CDMListTableCellView.m in Sources */,
				B25E13B815CBC2AF009751B9 /* CDMAddTaskView.m in Sources */,
				B24970CB15CBC836008388E5 /* NSImage+CDMAdditions.m in Sources */,
				B249725315CC00D9008388E5 /* CDMTaskTableRowView.m in Sources */,
				B249725615CC02C1008388E5 /* CDMTaskTableCellView.m in Sources */,
				B25B9C5E15CF2784005FA4A2 /* CDMMainWindow.m in Sources */,
				0338828315D96201001FC04B /* CDMArchesWindow.m in Sources */,
				0338830015D97CA9001FC04B /* CDMTextFieldCell.m in Sources */,
				B2A23D1515D988AB00EA9D2D /* NSColor+CDMAdditions.m in Sources */,
				0338833115D98BF5001FC04B /* NSBezierPath+MCAdditions.m in Sources */,
				0338833715D992EA001FC04B /* CDMSecureTextFieldCell.m in Sources */,
				0338833A15D99438001FC04B /* CDMSecureTextField.m in Sources */,
				B2A23D7915D997D900EA9D2D /* CDMAboutWindowController.m in Sources */,
				B2A23D7C15D997E300EA9D2D /* CDMPreferencesWindowController.m in Sources */,
				0338839815D99F9B001FC04B /* CDMFlatButton.m in Sources */,
				0338839B15D99FA1001FC04B /* CDMFlatButtonCell.m in Sources */,
				B2B2E12415D9A67C008672DA /* DBPrefsWindowController.m in Sources */,
				033883A115D9A7F6001FC04B /* CDMTextButtonCell.m in Sources */,
				B2B2E15D15D9B158008672DA /* CDMPreferencesRowView.m in Sources */,
				0338840815D9D53C001FC04B /* CDMListsViewController.m in Sources */,
				0338840B15D9D66F001FC04B /* CDMTasksViewController.m in Sources */,
				B27CBA1415D9EBCE00BC851F /* CDMConstants.m in Sources */,
				037252E115D9FCF700E87D87 /* CDKTask+CDMAdditions.m in Sources */,
				037253A815DA1C4000E87D87 /* CDMShadowTableView.m in Sources */,
				03CB266315DA1FAC00FEDF25 /* CDMAddListView.m in Sources */,
				03CB269015DA248E00FEDF25 /* CDMAddListTextFieldCell.m in Sources */,
				03B3952815DAC66E00A8A7D4 /* CDMTaskTextField.m in Sources */,
				03B3952E15DAC97900A8A7D4 /* CDMBoolToTaskTextColorValueTransformer.m in Sources */,
				03F2D98F15DB027400EEC543 /* CDMTaskTextFieldCell.m in Sources */,
				031E242C15DB690F00EEA810 /* CDMTextField.m in Sources */,
				032D16CF15DC3CE80015912A /* CDMTagFilterBar.m in Sources */,
				032D16D215DC4D170015912A /* NSURL+SSToolkitAdditions.m in Sources */,
				032D16D515DC4D6E0015912A /* NSDictionary+SSToolkitAdditions.m in Sources */,
				032D16D815DC4E220015912A /* NSString+SSToolkitAdditions.m in Sources */,
				032D16DB15DC50DA0015912A /* CDMTagTextFieldCell.m in Sources */,
				032D16DE15DC52270015912A /* CDMColorView.m in Sources */,
				038FF74915DDA596004B7316 /* CDMTrafficLightsView.m in Sources */,
				0306DBB515EC830A00D6409B /* MASShortcut+UserDefaults.m in Sources */,
				0306DBB615EC830A00D6409B /* MASShortcut.m in Sources */,
				0306DBB715EC830A00D6409B /* MASShortcutView+UserDefaults.m in Sources */,
				0306DBB815EC830A00D6409B /* MASShortcutView.m in Sources */,
				0306DBBE15EC87F400D6409B /* CDMQuickAddWindowController.m in Sources */,
				0371CF8815ED60A400B304CC /* CDMTasksTableView.m in Sources */,
				2137B07C167303160092A7DF /* CDMArchesWindowContentView.m in Sources */,
			);
			runOnlyForDeploymentPostprocessing = 0;
		};
/* End PBXSourcesBuildPhase section */

/* Begin PBXTargetDependency section */
		B2D8D5F215BF7FAA00A61836 /* PBXTargetDependency */ = {
			isa = PBXTargetDependency;
			name = CheddarKitMac;
			targetProxy = B2D8D5F115BF7FAA00A61836 /* PBXContainerItemProxy */;
		};
/* End PBXTargetDependency section */

/* Begin XCBuildConfiguration section */
		B21FF2DC15BF7D6500AEEA97 /* Debug */ = {
			isa = XCBuildConfiguration;
			buildSettings = {
				ALWAYS_SEARCH_USER_PATHS = NO;
				ARCHS = "$(ARCHS_STANDARD_64_BIT)";
				CLANG_CXX_LANGUAGE_STANDARD = "gnu++0x";
				CLANG_CXX_LIBRARY = "libc++";
				CLANG_ENABLE_OBJC_ARC = YES;
				CLANG_WARN__DUPLICATE_METHOD_MATCH = YES;
				COPY_PHASE_STRIP = NO;
				GCC_C_LANGUAGE_STANDARD = gnu99;
				GCC_DYNAMIC_NO_PIC = NO;
				GCC_ENABLE_OBJC_EXCEPTIONS = YES;
				GCC_OPTIMIZATION_LEVEL = 0;
				GCC_PREPROCESSOR_DEFINITIONS = (
					"DEBUG=1",
					"$(inherited)",
				);
				GCC_SYMBOLS_PRIVATE_EXTERN = NO;
				GCC_WARN_64_TO_32_BIT_CONVERSION = YES;
				GCC_WARN_ABOUT_RETURN_TYPE = YES;
				GCC_WARN_UNINITIALIZED_AUTOS = YES;
				GCC_WARN_UNUSED_VARIABLE = YES;
				MACOSX_DEPLOYMENT_TARGET = 10.7;
				ONLY_ACTIVE_ARCH = YES;
				SDKROOT = macosx;
			};
			name = Debug;
		};
		B21FF2DD15BF7D6500AEEA97 /* Release */ = {
			isa = XCBuildConfiguration;
			buildSettings = {
				ALWAYS_SEARCH_USER_PATHS = NO;
				ARCHS = "$(ARCHS_STANDARD_64_BIT)";
				CLANG_CXX_LANGUAGE_STANDARD = "gnu++0x";
				CLANG_CXX_LIBRARY = "libc++";
				CLANG_ENABLE_OBJC_ARC = YES;
				CLANG_WARN__DUPLICATE_METHOD_MATCH = YES;
				COPY_PHASE_STRIP = YES;
				DEBUG_INFORMATION_FORMAT = "dwarf-with-dsym";
				GCC_C_LANGUAGE_STANDARD = gnu99;
				GCC_ENABLE_OBJC_EXCEPTIONS = YES;
				GCC_WARN_64_TO_32_BIT_CONVERSION = YES;
				GCC_WARN_ABOUT_RETURN_TYPE = YES;
				GCC_WARN_UNINITIALIZED_AUTOS = YES;
				GCC_WARN_UNUSED_VARIABLE = YES;
				MACOSX_DEPLOYMENT_TARGET = 10.7;
				SDKROOT = macosx;
			};
			name = Release;
		};
		B21FF2DF15BF7D6500AEEA97 /* Debug */ = {
			isa = XCBuildConfiguration;
			buildSettings = {
				CODE_SIGN_ENTITLEMENTS = Resources/Cheddar.entitlements;
				CODE_SIGN_IDENTITY = "3rd Party Mac Developer Application: Sam Soffes";
				COMBINE_HIDPI_IMAGES = YES;
				GCC_PRECOMPILE_PREFIX_HEADER = YES;
				GCC_PREFIX_HEADER = "Other Sources/Cheddar-Prefix.pch";
				HEADER_SEARCH_PATHS = "\"$(SRCROOT)/Vendor/CheddarKit\"/**";
				INFOPLIST_FILE = "Resources/Cheddar-Info.plist";
				MACOSX_DEPLOYMENT_TARGET = 10.7;
				OTHER_LDFLAGS = (
					"-ObjC",
					"-all_load",
				);
				PRODUCT_NAME = Cheddar;
				PROVISIONING_PROFILE = "C2331947-1516-4958-9A8D-072347627B86";
				SDKROOT = macosx;
				WRAPPER_EXTENSION = app;
			};
			name = Debug;
		};
		B21FF2E015BF7D6500AEEA97 /* Release */ = {
			isa = XCBuildConfiguration;
			buildSettings = {
				CODE_SIGN_ENTITLEMENTS = Resources/Cheddar.entitlements;
				CODE_SIGN_IDENTITY = "3rd Party Mac Developer Application: Sam Soffes";
				COMBINE_HIDPI_IMAGES = YES;
				GCC_PRECOMPILE_PREFIX_HEADER = YES;
				GCC_PREFIX_HEADER = "Other Sources/Cheddar-Prefix.pch";
				HEADER_SEARCH_PATHS = "\"$(SRCROOT)/Vendor/CheddarKit\"/**";
				INFOPLIST_FILE = "Resources/Cheddar-Info.plist";
				MACOSX_DEPLOYMENT_TARGET = 10.7;
				OTHER_LDFLAGS = (
					"-ObjC",
					"-all_load",
				);
				PRODUCT_NAME = Cheddar;
				PROVISIONING_PROFILE = "C2331947-1516-4958-9A8D-072347627B86";
				SDKROOT = macosx;
				WRAPPER_EXTENSION = app;
			};
			name = Release;
		};
/* End XCBuildConfiguration section */

/* Begin XCConfigurationList section */
		B21FF2BA15BF7D6500AEEA97 /* Build configuration list for PBXProject "Cheddar for Mac" */ = {
			isa = XCConfigurationList;
			buildConfigurations = (
				B21FF2DC15BF7D6500AEEA97 /* Debug */,
				B21FF2DD15BF7D6500AEEA97 /* Release */,
			);
			defaultConfigurationIsVisible = 0;
			defaultConfigurationName = Release;
		};
		B21FF2DE15BF7D6500AEEA97 /* Build configuration list for PBXNativeTarget "Cheddar for Mac" */ = {
			isa = XCConfigurationList;
			buildConfigurations = (
				B21FF2DF15BF7D6500AEEA97 /* Debug */,
				B21FF2E015BF7D6500AEEA97 /* Release */,
			);
			defaultConfigurationIsVisible = 0;
			defaultConfigurationName = Release;
		};
/* End XCConfigurationList section */

/* Begin XCVersionGroup section */
		B21FF52515BF7D7C00AEEA97 /* Cheddar.xcdatamodeld */ = {
			isa = XCVersionGroup;
			children = (
				B21FF52615BF7D7C00AEEA97 /* Cheddar 2.xcdatamodel */,
				B21FF52715BF7D7C00AEEA97 /* Cheddar.xcdatamodel */,
			);
			currentVersion = B21FF52615BF7D7C00AEEA97 /* Cheddar 2.xcdatamodel */;
			path = Cheddar.xcdatamodeld;
			sourceTree = "<group>";
			versionGroupType = wrapper.xcdatamodel;
		};
/* End XCVersionGroup section */
	};
	rootObject = B21FF2B715BF7D6500AEEA97 /* Project object */;
}
